
Microsoft Visual Studio Solution File, Format Version 12.00
# Visual Studio Version 17
VisualStudioVersion = 17.5.002.0
MinimumVisualStudioVersion = 10.0.40219.1
Project("{9A19103F-16F7-4668-BE54-9A1E7A4F7556}") = "First_Project", "First_Project\First_Project.csproj", "{B831E0D4-29D6-40EC-96EC-B872330E6B3E}"
EndProject
Project("{FAE04EC0-301F-11D3-BF4B-00C04F79EFBC}") = "Second_Project", "Second_Project\Second_Project.csproj", "{14D59C92-79A1-4ED5-B7A9-EA161DDC0EF7}"
EndProject
Project("{FAE04EC0-301F-11D3-BF4B-00C04F79EFBC}") = "Third_Project", "Third_Project\Third_Project.csproj", "{07A1D879-FEC9-4214-AF63-252B1489FE61}"
EndProject
Project("{2150E333-8FDC-42A3-9474-1A3956D46DE8}") = "DAY 1", "DAY 1", "{D8A7AF47-FD48-4079-8EDB-A8A4F2226EC8}"
EndProject
Project("{FAE04EC0-301F-11D3-BF4B-00C04F79EFBC}") = "Forth_Project", "Forth_Project\Forth_Project.csproj", "{7F3DC8B6-97BB-4755-8064-7088005752EA}"
EndProject
Project("{FAE04EC0-301F-11D3-BF4B-00C04F79EFBC}") = "Class_Diagram", "Class_Diagram\Class_Diagram.csproj", "{5578B1B9-E285-4808-ACEC-E1DC0E2C66C6}"
EndProject
Project("{2150E333-8FDC-42A3-9474-1A3956D46DE8}") = "DAY 2", "DAY 2", "{BA420975-F251-4824-B521-5CFAA315168D}"
EndProject
Project("{FAE04EC0-301F-11D3-BF4B-00C04F79EFBC}") = "ClassStructure", "ClassStructure\ClassStructure.csproj", "{1B073F50-0AE7-4FD1-9A6F-685B1940F70E}"
EndProject
Project("{FAE04EC0-301F-11D3-BF4B-00C04F79EFBC}") = "CalculatorApp", "CalculatorApp\CalculatorApp.csproj", "{30069020-03D0-4F0F-AB4A-DE943D850F8B}"
EndProject
Project("{FAE04EC0-301F-11D3-BF4B-00C04F79EFBC}") = "Constructor", "Constructor\Constructor.csproj", "{B3E23D1E-0FC5-4EC3-B457-AA986C7A3E26}"
EndProject
Project("{FAE04EC0-301F-11D3-BF4B-00C04F79EFBC}") = "Composition", "Composition\Composition.csproj", "{DFBC3583-49A7-4065-B611-FE8CC27075AA}"
EndProject
Project("{2150E333-8FDC-42A3-9474-1A3956D46DE8}") = "DAY 3", "DAY 3", "{787BC5A1-2582-4367-8840-28C82C149666}"
EndProject
Project("{FAE04EC0-301F-11D3-BF4B-00C04F79EFBC}") = "Composition2", "Composition2\Composition2.csproj", "{84B87619-ED99-4D12-8714-DB9EA94398E6}"
EndProject
Project("{FAE04EC0-301F-11D3-BF4B-00C04F79EFBC}") = "Inheritance", "Inheritance\Inheritance.csproj", "{483E85C8-A70E-4C13-9F25-A90FAD48E4F8}"
EndProject
Project("{FAE04EC0-301F-11D3-BF4B-00C04F79EFBC}") = "InheritanceComposition", "InheritanceComposition\InheritanceComposition.csproj", "{606C70E1-20CA-4ED0-B24D-FF1A7CB89727}"
EndProject
Project("{2150E333-8FDC-42A3-9474-1A3956D46DE8}") = "DAY 4", "DAY 4", "{E4E0CD4D-8EF7-4FF7-A849-4C075904DB61}"
EndProject
Project("{FAE04EC0-301F-11D3-BF4B-00C04F79EFBC}") = "Encapsulation", "Encapsulation\Encapsulation.csproj", "{A79F9448-FF56-4864-B40E-D674068D0B7C}"
EndProject
Project("{FAE04EC0-301F-11D3-BF4B-00C04F79EFBC}") = "QuestionTest", "QuestionTest\QuestionTest.csproj", "{EC5A5CD4-A76A-45B5-82FB-CAABB4C4609A}"
EndProject
Project("{FAE04EC0-301F-11D3-BF4B-00C04F79EFBC}") = "A_Internal_Encapsulation", "A_Internal_Encapsulation\A_Internal_Encapsulation.csproj", "{10F0FE78-039E-41EC-B225-D1FA20AEF51C}"
EndProject
Project("{FAE04EC0-301F-11D3-BF4B-00C04F79EFBC}") = "B_Internal_Encapsulation", "B_Internal_Encapsulation\B_Internal_Encapsulation.csproj", "{E50096E0-A554-44F5-B9E7-14338D26919F}"
EndProject
Project("{FAE04EC0-301F-11D3-BF4B-00C04F79EFBC}") = "EncapsulationDefault", "EncapsulationDefault\EncapsulationDefault.csproj", "{920DB3F1-C9E7-40D3-B021-9ABD437E25C2}"
EndProject
Project("{FAE04EC0-301F-11D3-BF4B-00C04F79EFBC}") = "PolymorphysmOveriding", "PolymorphysmOveriding\PolymorphysmOveriding.csproj", "{C5B1E9F0-84D8-4752-936D-1C33931F6025}"
EndProject
Project("{FAE04EC0-301F-11D3-BF4B-00C04F79EFBC}") = "PolymorphysmOverloading", "PolymorphysmOverloading\PolymorphysmOverloading.csproj", "{C1B35796-8685-405B-99B6-053BB133AB29}"
EndProject
Project("{FAE04EC0-301F-11D3-BF4B-00C04F79EFBC}") = "UnlimitedParams", "UnlimitedParams\UnlimitedParams.csproj", "{3C1997E0-4D7C-4570-A012-6648F7E52380}"
EndProject
Project("{2150E333-8FDC-42A3-9474-1A3956D46DE8}") = "DAY 5", "DAY 5", "{FE7C95E2-5373-4D0D-8813-14D9A52C262B}"
EndProject
Project("{FAE04EC0-301F-11D3-BF4B-00C04F79EFBC}") = "A_ValueAndReferenceType", "A_ValueAndReferenceType\A_ValueAndReferenceType.csproj", "{4F501E0C-424E-4591-9B07-1C2E72736426}"
EndProject
Project("{FAE04EC0-301F-11D3-BF4B-00C04F79EFBC}") = "B_AbstractProject", "B_AbstractProject\B_AbstractProject.csproj", "{552C3DB4-85DD-4CFC-9BFF-21BB00AE92CD}"
EndProject
Project("{FAE04EC0-301F-11D3-BF4B-00C04F79EFBC}") = "C_Interface", "C_Interface\C_Interface.csproj", "{9318940F-C832-44F8-B7FF-2046372B95BD}"
EndProject
Project("{FAE04EC0-301F-11D3-BF4B-00C04F79EFBC}") = "Excercise.cs", "Excercise.cs\Excercise.cs.csproj", "{AFDF6754-6F0C-4E62-B268-58EACA7ADF22}"
EndProject
Project("{2150E333-8FDC-42A3-9474-1A3956D46DE8}") = "DAY 6", "DAY 6", "{B8D93579-3241-4866-B7E4-430D616DD8A3}"
EndProject
Project("{FAE04EC0-301F-11D3-BF4B-00C04F79EFBC}") = "PropertiesProject", "PropertiesProject\PropertiesProject.csproj", "{E6CCCE1B-AF1E-4DA7-958F-528DD2976550}"
EndProject
Project("{FAE04EC0-301F-11D3-BF4B-00C04F79EFBC}") = "Latihan.cs", "Latihan.cs\Latihan.cs.csproj", "{17D510A5-E21F-427B-804A-533597046484}"
EndProject
Project("{FAE04EC0-301F-11D3-BF4B-00C04F79EFBC}") = "StaticProject", "StaticProject\StaticProject.csproj", "{F3B26F1A-A8C8-40C5-B99A-2D27E5F88DDE}"
EndProject
Project("{FAE04EC0-301F-11D3-BF4B-00C04F79EFBC}") = "TypeChecker", "TypeChecker\TypeChecker.csproj", "{3FE5AD6D-09DB-4CFE-8465-50E70F2D17E5}"
EndProject
Project("{FAE04EC0-301F-11D3-BF4B-00C04F79EFBC}") = "PatternMatching", "PatternMatching\PatternMatching.csproj", "{5AC1F781-55C0-41D2-8856-C32494BFAE15}"
EndProject
Project("{FAE04EC0-301F-11D3-BF4B-00C04F79EFBC}") = "ValueType", "ValueType\ValueType.csproj", "{4AFC432F-DEBC-4E14-811D-2C829191A800}"
EndProject
Project("{FAE04EC0-301F-11D3-BF4B-00C04F79EFBC}") = "ReferenceType", "ReferenceType\ReferenceType.csproj", "{8E63D7BE-AAEE-4A1F-84EC-9C8CF7E4C407}"
EndProject
Project("{FAE04EC0-301F-11D3-BF4B-00C04F79EFBC}") = "ValueInsideReference", "ValueInsideReference\ValueInsideReference.csproj", "{4EEC4666-D1AA-4F18-B4B5-2667506C3AF9}"
EndProject
Project("{FAE04EC0-301F-11D3-BF4B-00C04F79EFBC}") = "Ref", "Ref\Ref.csproj", "{EBE3BCE5-A94B-4D98-8EDD-1D3DC3839381}"
EndProject
Project("{FAE04EC0-301F-11D3-BF4B-00C04F79EFBC}") = "Out", "Out\Out.csproj", "{4E241599-9BAE-467E-9100-53335D6BD9FE}"
EndProject
Project("{FAE04EC0-301F-11D3-BF4B-00C04F79EFBC}") = "In", "In\In.csproj", "{FD157FF6-7D5B-4204-B39F-CD43863C8D52}"
EndProject
Project("{FAE04EC0-301F-11D3-BF4B-00C04F79EFBC}") = "FooBar", "FooBar\FooBar.csproj", "{5652C394-BAE8-4A4F-B6AA-AD1BA7963415}"
EndProject
Project("{2150E333-8FDC-42A3-9474-1A3956D46DE8}") = "DAY 7", "DAY 7", "{CF0E515D-1D6E-4B9C-A73F-F6511E91C3DF}"
EndProject
Project("{FAE04EC0-301F-11D3-BF4B-00C04F79EFBC}") = "A_Generic", "A_Generic\A_Generic.csproj", "{A0E7E955-9405-48D6-BB20-56F1516604F6}"
EndProject
Project("{FAE04EC0-301F-11D3-BF4B-00C04F79EFBC}") = "CalculatorGenericAdd", "CalculatorGenericAdd\CalculatorGenericAdd.csproj", "{609FA989-9436-4FCA-ACD9-EA5ACF947729}"
EndProject
Project("{2150E333-8FDC-42A3-9474-1A3956D46DE8}") = "DAY 4", "DAY 4", "{4292AEA1-A45F-4049-966A-1151960104D7}"
EndProject
Project("{2150E333-8FDC-42A3-9474-1A3956D46DE8}") = "DAY 5", "DAY 5", "{EB03BB6B-DA16-4987-B956-2BB6A2D00FFA}"
EndProject
Project("{FAE04EC0-301F-11D3-BF4B-00C04F79EFBC}") = "CalculatorGenericNumber", "CalculatorGenericNumber\CalculatorGenericNumber.csproj", "{4DD3EE89-A268-4E16-87E3-A122C86D57D8}"
EndProject
Project("{FAE04EC0-301F-11D3-BF4B-00C04F79EFBC}") = "B_CalculatorGenericNumber", "B_CalculatorGenericNumber\B_CalculatorGenericNumber.csproj", "{DE1D1E9B-C823-42C1-8712-5F4DB2481AD9}"
EndProject
Project("{FAE04EC0-301F-11D3-BF4B-00C04F79EFBC}") = "OperatorOverloading", "OperatorOverloading\OperatorOverloading.csproj", "{6DC08F1A-3082-4C76-8846-D8F234DF4C63}"
EndProject
Project("{FAE04EC0-301F-11D3-BF4B-00C04F79EFBC}") = "B_OperatorOverloading", "B_OperatorOverloading\B_OperatorOverloading.csproj", "{318DC812-91E1-41E5-BF74-30E195814654}"
EndProject
Project("{FAE04EC0-301F-11D3-BF4B-00C04F79EFBC}") = "Delegates", "Delegates\Delegates.csproj", "{1108499F-B321-4BD9-A25C-2542A940D660}"
EndProject
Project("{FAE04EC0-301F-11D3-BF4B-00C04F79EFBC}") = "MulticastDelegate", "MulticastDelegate\MulticastDelegate.csproj", "{2FFAC80F-90BD-4527-A691-8819C46A9B07}"
EndProject
Project("{FAE04EC0-301F-11D3-BF4B-00C04F79EFBC}") = "DelegatesB", "DelegatesB\DelegatesB.csproj", "{5F62DEE6-8894-41E3-B715-1D0E54A04BB6}"
EndProject
Project("{2150E333-8FDC-42A3-9474-1A3956D46DE8}") = "DAY 8", "DAY 8", "{AA57602D-6E76-4ECF-8E59-EB7492E262F0}"
EndProject
Project("{FAE04EC0-301F-11D3-BF4B-00C04F79EFBC}") = "DelegatesEvent", "DelegatesEvent\DelegatesEvent.csproj", "{3EB79FB0-3423-49D0-B025-647D0738B4C5}"
EndProject
Project("{FAE04EC0-301F-11D3-BF4B-00C04F79EFBC}") = "DelegateReturn", "DelegateReturn\DelegateReturn.csproj", "{7C1DC2D0-3516-4E06-90D3-3B9A963A6055}"
EndProject
Project("{FAE04EC0-301F-11D3-BF4B-00C04F79EFBC}") = "DelegateInvocationList", "DelegateInvocationList\DelegateInvocationList.csproj", "{3B160DC7-42B5-4383-8CB3-85D6B37DF8D3}"
EndProject
Project("{FAE04EC0-301F-11D3-BF4B-00C04F79EFBC}") = "DelegateExcercise", "DelegateExcercise\DelegateExcercise.csproj", "{9F0AEDC1-4039-43FF-9166-283D74C9A285}"
EndProject
Project("{FAE04EC0-301F-11D3-BF4B-00C04F79EFBC}") = "DelegateAction", "DelegateAction\DelegateAction.csproj", "{47C3BB8E-6D01-4C10-984F-C7C5D956C52D}"
EndProject
Project("{FAE04EC0-301F-11D3-BF4B-00C04F79EFBC}") = "DelegateFunction", "DelegateFunction\DelegateFunction.csproj", "{2AC863A5-243E-49B2-BE3F-EB0B39951955}"
EndProject
Project("{FAE04EC0-301F-11D3-BF4B-00C04F79EFBC}") = "LambdaExpresion", "LambdaExpresion\LambdaExpresion.csproj", "{C04766D5-95BB-44E0-BA42-F25378849A86}"
EndProject
Project("{FAE04EC0-301F-11D3-BF4B-00C04F79EFBC}") = "Collection", "Collection\Collection.csproj", "{DB889E5C-ABBD-490B-926C-A370A3102B7D}"
EndProject
Project("{FAE04EC0-301F-11D3-BF4B-00C04F79EFBC}") = "Dictionary", "Dictionary\Dictionary.csproj", "{694B37C6-9905-471B-8D8C-F74610AAEC4B}"
EndProject
Project("{FAE04EC0-301F-11D3-BF4B-00C04F79EFBC}") = "FooBarDictionary", "FooBarDictionary\FooBarDictionary.csproj", "{278BD9F1-48C1-44C2-936C-A04D0F738FC2}"
EndProject
Project("{2150E333-8FDC-42A3-9474-1A3956D46DE8}") = "DAY 9", "DAY 9", "{C5BF222A-90CE-41C9-8154-91455792E234}"
EndProject
Project("{FAE04EC0-301F-11D3-BF4B-00C04F79EFBC}") = "VareabelReadonlyConstanta", "VareabelReadonlyConstanta\VareabelReadonlyConstanta.csproj", "{04F767ED-A8CF-4F51-B2F4-4D943A3AB2A2}"
EndProject
Project("{FAE04EC0-301F-11D3-BF4B-00C04F79EFBC}") = "A_Enum", "A_Enum\A_Enum.csproj", "{F3CBBF33-2F2C-43B0-9C9F-3C88ECD63697}"
EndProject
Project("{FAE04EC0-301F-11D3-BF4B-00C04F79EFBC}") = "RollDice", "RollDice\RollDice.csproj", "{F1013012-503D-41F2-85C7-C269D2009AB6}"
EndProject
Project("{2150E333-8FDC-42A3-9474-1A3956D46DE8}") = "DAY 13", "DAY 13", "{AB302365-1D50-4736-B69B-99DDEFC88AB2}"
EndProject
Project("{FAE04EC0-301F-11D3-BF4B-00C04F79EFBC}") = "Exception", "Exception\Exception.csproj", "{88024874-4D0E-4FC4-BDA4-8F6E54B06F3B}"
EndProject
Project("{FAE04EC0-301F-11D3-BF4B-00C04F79EFBC}") = "ErrorHandlingNull", "ErrorHandlingNull\ErrorHandlingNull.csproj", "{5DC72D0F-9A26-462B-99B2-6402B9AEDEC6}"
EndProject
Project("{FAE04EC0-301F-11D3-BF4B-00C04F79EFBC}") = "CreateException", "CreateException\CreateException.csproj", "{4CD46154-5E17-4E99-A206-D53A402B5BF4}"
EndProject
Project("{FAE04EC0-301F-11D3-BF4B-00C04F79EFBC}") = "TryCatch", "TryCatch\TryCatch.csproj", "{C7CEB8BD-741B-407D-A36E-EAA7D30D9520}"
EndProject
Project("{FAE04EC0-301F-11D3-BF4B-00C04F79EFBC}") = "TryCatch2", "TryCatch2\TryCatch2.csproj", "{DE83B30F-091A-4CC8-9536-AF8071D4410A}"
EndProject
Project("{FAE04EC0-301F-11D3-BF4B-00C04F79EFBC}") = "TryCatcyFinnaly", "TryCatcyFinnaly\TryCatcyFinnaly.csproj", "{CE2E9C75-7473-4C12-8145-AF5A74C38539}"
EndProject
Project("{FAE04EC0-301F-11D3-BF4B-00C04F79EFBC}") = "GC_string", "GC_string\GC_string.csproj", "{AE33ED07-D0C0-482C-B2AA-B6F614D7C737}"
EndProject
Project("{FAE04EC0-301F-11D3-BF4B-00C04F79EFBC}") = "GC_stringBuilder", "GC_stringBuilder\GC_stringBuilder.csproj", "{B7619208-57F4-450D-ACB5-944C620F8014}"
EndProject
Project("{2150E333-8FDC-42A3-9474-1A3956D46DE8}") = "DAY 14", "DAY 14", "{5383A5FC-FAF3-4BE3-B6E5-A1492C17189D}"
EndProject
Project("{FAE04EC0-301F-11D3-BF4B-00C04F79EFBC}") = "Finalizers", "Finalizers\Finalizers.csproj", "{1A5348A9-1091-48C6-882F-9C716D1500F3}"
EndProject
Project("{FAE04EC0-301F-11D3-BF4B-00C04F79EFBC}") = "GC_LOH", "GC_LOH\GC_LOH.csproj", "{3B3EE61A-B62D-4C65-8E6E-0172D9D51894}"
EndProject
Project("{FAE04EC0-301F-11D3-BF4B-00C04F79EFBC}") = "FinalizersInheritance", "FinalizersInheritance\FinalizersInheritance.csproj", "{141DDFBC-7036-44AD-840B-880F59E53976}"
EndProject
Project("{FAE04EC0-301F-11D3-BF4B-00C04F79EFBC}") = "ClassWithFinalizers", "ClassWithFinalizers\ClassWithFinalizers.csproj", "{0B3425CF-C86C-4EBF-99A1-0DD792A1D860}"
EndProject
Project("{FAE04EC0-301F-11D3-BF4B-00C04F79EFBC}") = "ClassWithoutFinalizers", "ClassWithoutFinalizers\ClassWithoutFinalizers.csproj", "{2E936E69-A5A8-4BD9-9090-9F44D17149B2}"
EndProject
Project("{FAE04EC0-301F-11D3-BF4B-00C04F79EFBC}") = "DisposePattern", "DisposePattern\DisposePattern.csproj", "{858B4BC7-12BA-4B06-BCFD-11CC8FFEA51C}"
EndProject
Project("{FAE04EC0-301F-11D3-BF4B-00C04F79EFBC}") = "Using", "Using\Using.csproj", "{23C7E607-EF8D-4256-BC12-6B4B6C5E4845}"
EndProject
Project("{FAE04EC0-301F-11D3-BF4B-00C04F79EFBC}") = "ClassPrint", "ClassPrint\ClassPrint.csproj", "{5BB9393A-85FC-4B1E-9C4F-1783A0244905}"
EndProject
Project("{2150E333-8FDC-42A3-9474-1A3956D46DE8}") = "DAY 15", "DAY 15", "{96107D76-1D43-4DF1-BB60-BE8D4363E8A0}"
EndProject
Project("{FAE04EC0-301F-11D3-BF4B-00C04F79EFBC}") = "ExtensionMethod", "ExtensionMethod\ExtensionMethod.csproj", "{137BCDAE-2A81-4C51-9F20-A2C4F636A51C}"
EndProject
Project("{FAE04EC0-301F-11D3-BF4B-00C04F79EFBC}") = "Partial", "Partial\Partial.csproj", "{009731E8-1020-4A51-9D86-D65CF3182906}"
EndProject
Project("{FAE04EC0-301F-11D3-BF4B-00C04F79EFBC}") = "Sealed", "Sealed\Sealed.csproj", "{34711B4D-8690-44C5-B1CE-80A25B022834}"
EndProject
Project("{2150E333-8FDC-42A3-9474-1A3956D46DE8}") = "DAY 16", "DAY 16", "{32F1A0BC-7D35-4121-BA56-C32A65FAEA23}"
EndProject
Project("{FAE04EC0-301F-11D3-BF4B-00C04F79EFBC}") = "A_WithoutMultiThreading", "A_WithoutMultiThreading\A_WithoutMultiThreading.csproj", "{8B354215-904D-4592-A868-356E1B47F309}"
EndProject
Project("{FAE04EC0-301F-11D3-BF4B-00C04F79EFBC}") = "B_WithMultiThreading", "B_WithMultiThreading\B_WithMultiThreading.csproj", "{A7832F87-DD6A-4575-8F0C-9172191813CB}"
EndProject
Project("{FAE04EC0-301F-11D3-BF4B-00C04F79EFBC}") = "C_SetThreadBackground", "C_SetThreadBackground\C_SetThreadBackground.csproj", "{5ED06ED0-19C3-49F2-8199-734E6FD9492A}"
EndProject
Project("{FAE04EC0-301F-11D3-BF4B-00C04F79EFBC}") = "D_ParameterInThread", "D_ParameterInThread\D_ParameterInThread.csproj", "{38405A55-26FF-4743-A620-34AB4FCF964C}"
EndProject
Project("{FAE04EC0-301F-11D3-BF4B-00C04F79EFBC}") = "E_ThreadWithReturnType", "E_ThreadWithReturnType\E_ThreadWithReturnType.csproj", "{91FBA65A-6B43-4225-84FC-D684F7E0CA4D}"
EndProject
Project("{FAE04EC0-301F-11D3-BF4B-00C04F79EFBC}") = "F_ThreadHandleException", "F_ThreadHandleException\F_ThreadHandleException.csproj", "{F969C4FD-73D5-4C2C-AA2E-C38BE0961DA8}"
EndProject
Project("{FAE04EC0-301F-11D3-BF4B-00C04F79EFBC}") = "G_ThreadHandleExceptionWithLambda", "G_ThreadHandleExceptionWithLambda\G_ThreadHandleExceptionWithLambda.csproj", "{BB49438E-3A05-437E-AEAD-8489B8906A17}"
EndProject
Project("{FAE04EC0-301F-11D3-BF4B-00C04F79EFBC}") = "H_Task", "H_Task\H_Task.csproj", "{2C393D2E-C316-4431-935D-BB9EFA67916E}"
EndProject
Project("{FAE04EC0-301F-11D3-BF4B-00C04F79EFBC}") = "I_Task2", "I_Task2\I_Task2.csproj", "{62E8DB6A-0B09-4A15-82C7-1AC8C9B5293E}"
EndProject
Project("{FAE04EC0-301F-11D3-BF4B-00C04F79EFBC}") = "J_TaskParameter", "J_TaskParameter\J_TaskParameter.csproj", "{7BE90127-AB31-44A8-9C6A-9AAB50C1C35D}"
EndProject
Project("{FAE04EC0-301F-11D3-BF4B-00C04F79EFBC}") = "K_taskReturn", "K_taskReturn\K_taskReturn.csproj", "{568B9305-6112-4054-AEA3-1A3C6AA6F661}"
EndProject
Project("{FAE04EC0-301F-11D3-BF4B-00C04F79EFBC}") = "L_TaskHandleException", "L_TaskHandleException\L_TaskHandleException.csproj", "{C905B6C3-9C16-41CF-8C50-1A05E88BD47B}"
EndProject
Project("{2150E333-8FDC-42A3-9474-1A3956D46DE8}") = "DAY 17", "DAY 17", "{721A6F56-EC41-4DFB-8AA6-754430CCDA98}"
EndProject
Project("{FAE04EC0-301F-11D3-BF4B-00C04F79EFBC}") = "A_CancellationToken", "A_CancellationToken\A_CancellationToken.csproj", "{DD19E85B-A52D-4552-9A3F-813C59CE7CC9}"
EndProject
Project("{FAE04EC0-301F-11D3-BF4B-00C04F79EFBf}") = "B_CancellationToken", "B_CancellationToken\B_CancellationToken.csproj", "{DD19E85B-A52D-4552-9A3F-813C59CE7C99}"
EndProject
Project("{FAE04EC0-301F-11D3-BF4B-00C04F79EFBC}") = "C_TaskAsynAwait", "C_TaskAsynAwait\C_TaskAsynAwait.csproj", "{8C1F05E7-0DBB-45E3-928E-45E05D71AA39}"
EndProject
Project("{FAE04EC0-301F-11D3-BF4B-00C04F79EFBC}") = "D_RaceCondition", "D_RaceCondition\D_RaceCondition.csproj", "{9F4C45D9-BA53-4996-BE8F-A2EB9CF62084}"
EndProject
Project("{FAE04EC0-301F-11D3-BF4B-00C04F79EFBC}") = "E_Lock", "E_Lock\E_Lock.csproj", "{6F5F62FC-8E04-4E34-B415-01804FFB4A69}"
EndProject
Project("{FAE04EC0-301F-11D3-BF4B-00C04F79EFBC}") = "F_Semaphore", "F_Semaphore\F_Semaphore.csproj", "{A3DB85D2-FFC2-477C-ACB9-3958970CA45A}"
EndProject
Project("{FAE04EC0-301F-11D3-BF4B-00C04F79EFBC}") = "G_DeadLock", "G_DeadLock\G_DeadLock.csproj", "{CC960029-6F83-4E33-B5C1-DE58144F8B58}"
EndProject
Project("{FAE04EC0-301F-11D3-BF4B-00C04F79EFBC}") = "H_FileAccess", "H_FileAccess\H_FileAccess.csproj", "{2BC8C418-409B-4C19-98A5-92A56588EA19}"
EndProject
Project("{FAE04EC0-301F-11D3-BF4B-00C04F79EFBC}") = "I_FileStreamWrite", "I_FileStreamWrite\I_FileStreamWrite.csproj", "{DC2CE93E-5086-4840-888A-21F7B7C29790}"
EndProject
Project("{FAE04EC0-301F-11D3-BF4B-00C04F79EFBC}") = "J_FileStreamRead", "J_FileStreamRead\J_FileStreamRead.csproj", "{011DE239-4E2E-49A0-B5D4-405F15655298}"
EndProject
Project("{FAE04EC0-301F-11D3-BF4B-00C04F79EFBC}") = "K_StreamWriter", "K_StreamWriter\K_StreamWriter.csproj", "{88D3B85E-EF2B-4947-9D52-B3EDCD994A24}"
EndProject
Project("{FAE04EC0-301F-11D3-BF4B-00C04F79EFBC}") = "L_StreamReader", "L_StreamReader\L_StreamReader.csproj", "{48C38292-83F6-4C7C-A84B-62890D6AD74C}"
EndProject
Project("{2150E333-8FDC-42A3-9474-1A3956D46DE8}") = "DAY 18", "DAY 18", "{3C5FDFDE-AA61-4C15-97D6-DBFD04E6ADAC}"
EndProject
Project("{FAE04EC0-301F-11D3-BF4B-00C04F79EFBC}") = "A_SerializerXML", "A_SerializerXML\A_SerializerXML.csproj", "{5E0ED147-5AD5-40A2-8E33-0AB26BD457D2}"
EndProject
Project("{FAE04EC0-301F-11D3-BF4B-00C04F79EFBC}") = "B_DeserializeXML", "B_DeserializeXML\B_DeserializeXML.csproj", "{FF78E6CB-55B3-4F68-9691-DA31EACCB200}"
EndProject
Project("{FAE04EC0-301F-11D3-BF4B-00C04F79EFBC}") = "C_CollectionSerializerXml", "C_CollectionSerializerXml\C_CollectionSerializerXml.csproj", "{D66278B7-9989-4E37-A5A8-979DECE5EFCD}"
EndProject
Project("{FAE04EC0-301F-11D3-BF4B-00C04F79EFBC}") = "D_CollectionDeserializeXML", "D_CollectionDeserializeXML\D_CollectionDeserializeXML.csproj", "{6BAA9472-6A16-426C-9DCD-27D2D328327B}"
EndProject
Project("{FAE04EC0-301F-11D3-BF4B-00C04F79EFBC}") = "E_SerializerJSON", "E_SerializerJSON\E_SerializerJSON.csproj", "{8A776453-4A2E-4866-AE86-B2F5C4ED1B49}"
EndProject
Project("{FAE04EC0-301F-11D3-BF4B-00C04F79EFBC}") = "F_DeserializeJSON", "F_DeserializeJSON\F_DeserializeJSON.csproj", "{1B266FB4-33EA-4BBC-9EFC-8DE6997B4AA7}"
EndProject
Project("{FAE04EC0-301F-11D3-BF4B-00C04F79EFBC}") = "G_DataContractXML", "G_DataContractXML\G_DataContractXML.csproj", "{0A95E7B9-1E98-4987-B20C-B506DCE53735}"
EndProject
Project("{FAE04EC0-301F-11D3-BF4B-00C04F79EFBC}") = "H_DataContractJSON", "H_DataContractJSON\H_DataContractJSON.csproj", "{89C92CCF-337B-49D2-95DA-CB3B94FFA77E}"
EndProject
Project("{2150E333-8FDC-42A3-9474-1A3956D46DE8}") = "DAY 19", "DAY 19", "{A9D432E8-50F9-44FE-8E32-ABC6C712615B}"
EndProject
Project("{FAE04EC0-301F-11D3-BF4B-00C04F79EFBC}") = "Log4Net.cs", "Log4Net.cs\Log4Net.cs.csproj", "{6ABEF2B4-C512-4724-8FFC-72847933910E}"
EndProject
Project("{FAE04EC0-301F-11D3-BF4B-00C04F79EFBC}") = "NLog", "NLog\NLog.csproj", "{8426EEB3-95CC-40D6-8264-3CBB7A0AB94A}"
EndProject
Project("{2150E333-8FDC-42A3-9474-1A3956D46DE8}") = "DAY 20", "DAY 20", "{1B5915AE-FCD6-449A-8A13-C5D4DEB2A902}"
EndProject
Project("{FAE04EC0-301F-11D3-BF4B-00C04F79EFBC}") = "MyCalculator", "MyCalculator\MyCalculator.csproj", "{60B9EBF8-F8A2-4385-932C-B627AFBDFF53}"
EndProject
Project("{FAE04EC0-301F-11D3-BF4B-00C04F79EFBC}") = "MyCalculator.Test", "MyCalculator.Test\MyCalculator.Test.csproj", "{EF9204E6-6B90-448D-A973-9DA87DDD8D73}"
EndProject
Project("{FAE04EC0-301F-11D3-BF4B-00C04F79EFBC}") = "SimpleGame", "SimpleGame\SimpleGame.csproj", "{71E58AA1-3241-46D5-88C6-98BA45A772EB}"
EndProject
Project("{FAE04EC0-301F-11D3-BF4B-00C04F79EFBC}") = "SimpleGame.Test", "SimpleGame.Test\SimpleGame.Test.csproj", "{3A9EEAF9-B13E-48E0-B87B-CCAD06167E1F}"
EndProject
Project("{2150E333-8FDC-42A3-9474-1A3956D46DE8}") = "DAY 21", "DAY 21", "{1611210F-33F2-4120-BF0C-4BBA90EF1A74}"
EndProject
Project("{2150E333-8FDC-42A3-9474-1A3956D46DE8}") = "DAY 22", "DAY 22", "{EDFACAA6-451B-4748-AE49-1B06394DBF27}"
EndProject
Project("{2150E333-8FDC-42A3-9474-1A3956D46DE8}") = "Day 23", "Day 23", "{2BF0CC68-C48B-4565-A094-9F5A5BBD6006}"
EndProject
Global
	GlobalSection(SolutionConfigurationPlatforms) = preSolution
		Debug|Any CPU = Debug|Any CPU
		Release|Any CPU = Release|Any CPU
	EndGlobalSection
	GlobalSection(ProjectConfigurationPlatforms) = postSolution
		{B831E0D4-29D6-40EC-96EC-B872330E6B3E}.Debug|Any CPU.ActiveCfg = Debug|Any CPU
		{B831E0D4-29D6-40EC-96EC-B872330E6B3E}.Debug|Any CPU.Build.0 = Debug|Any CPU
		{B831E0D4-29D6-40EC-96EC-B872330E6B3E}.Release|Any CPU.ActiveCfg = Release|Any CPU
		{B831E0D4-29D6-40EC-96EC-B872330E6B3E}.Release|Any CPU.Build.0 = Release|Any CPU
		{14D59C92-79A1-4ED5-B7A9-EA161DDC0EF7}.Debug|Any CPU.ActiveCfg = Debug|Any CPU
		{14D59C92-79A1-4ED5-B7A9-EA161DDC0EF7}.Debug|Any CPU.Build.0 = Debug|Any CPU
		{14D59C92-79A1-4ED5-B7A9-EA161DDC0EF7}.Release|Any CPU.ActiveCfg = Release|Any CPU
		{14D59C92-79A1-4ED5-B7A9-EA161DDC0EF7}.Release|Any CPU.Build.0 = Release|Any CPU
		{07A1D879-FEC9-4214-AF63-252B1489FE61}.Debug|Any CPU.ActiveCfg = Debug|Any CPU
		{07A1D879-FEC9-4214-AF63-252B1489FE61}.Debug|Any CPU.Build.0 = Debug|Any CPU
		{07A1D879-FEC9-4214-AF63-252B1489FE61}.Release|Any CPU.ActiveCfg = Release|Any CPU
		{07A1D879-FEC9-4214-AF63-252B1489FE61}.Release|Any CPU.Build.0 = Release|Any CPU
		{7F3DC8B6-97BB-4755-8064-7088005752EA}.Debug|Any CPU.ActiveCfg = Debug|Any CPU
		{7F3DC8B6-97BB-4755-8064-7088005752EA}.Debug|Any CPU.Build.0 = Debug|Any CPU
		{7F3DC8B6-97BB-4755-8064-7088005752EA}.Release|Any CPU.ActiveCfg = Release|Any CPU
		{7F3DC8B6-97BB-4755-8064-7088005752EA}.Release|Any CPU.Build.0 = Release|Any CPU
		{5578B1B9-E285-4808-ACEC-E1DC0E2C66C6}.Debug|Any CPU.ActiveCfg = Debug|Any CPU
		{5578B1B9-E285-4808-ACEC-E1DC0E2C66C6}.Debug|Any CPU.Build.0 = Debug|Any CPU
		{5578B1B9-E285-4808-ACEC-E1DC0E2C66C6}.Release|Any CPU.ActiveCfg = Release|Any CPU
		{5578B1B9-E285-4808-ACEC-E1DC0E2C66C6}.Release|Any CPU.Build.0 = Release|Any CPU
		{1B073F50-0AE7-4FD1-9A6F-685B1940F70E}.Debug|Any CPU.ActiveCfg = Debug|Any CPU
		{1B073F50-0AE7-4FD1-9A6F-685B1940F70E}.Debug|Any CPU.Build.0 = Debug|Any CPU
		{1B073F50-0AE7-4FD1-9A6F-685B1940F70E}.Release|Any CPU.ActiveCfg = Release|Any CPU
		{1B073F50-0AE7-4FD1-9A6F-685B1940F70E}.Release|Any CPU.Build.0 = Release|Any CPU
		{30069020-03D0-4F0F-AB4A-DE943D850F8B}.Debug|Any CPU.ActiveCfg = Debug|Any CPU
		{30069020-03D0-4F0F-AB4A-DE943D850F8B}.Debug|Any CPU.Build.0 = Debug|Any CPU
		{30069020-03D0-4F0F-AB4A-DE943D850F8B}.Release|Any CPU.ActiveCfg = Release|Any CPU
		{30069020-03D0-4F0F-AB4A-DE943D850F8B}.Release|Any CPU.Build.0 = Release|Any CPU
		{B3E23D1E-0FC5-4EC3-B457-AA986C7A3E26}.Debug|Any CPU.ActiveCfg = Debug|Any CPU
		{B3E23D1E-0FC5-4EC3-B457-AA986C7A3E26}.Debug|Any CPU.Build.0 = Debug|Any CPU
		{B3E23D1E-0FC5-4EC3-B457-AA986C7A3E26}.Release|Any CPU.ActiveCfg = Release|Any CPU
		{B3E23D1E-0FC5-4EC3-B457-AA986C7A3E26}.Release|Any CPU.Build.0 = Release|Any CPU
		{DFBC3583-49A7-4065-B611-FE8CC27075AA}.Debug|Any CPU.ActiveCfg = Debug|Any CPU
		{DFBC3583-49A7-4065-B611-FE8CC27075AA}.Debug|Any CPU.Build.0 = Debug|Any CPU
		{DFBC3583-49A7-4065-B611-FE8CC27075AA}.Release|Any CPU.ActiveCfg = Release|Any CPU
		{DFBC3583-49A7-4065-B611-FE8CC27075AA}.Release|Any CPU.Build.0 = Release|Any CPU
		{84B87619-ED99-4D12-8714-DB9EA94398E6}.Debug|Any CPU.ActiveCfg = Debug|Any CPU
		{84B87619-ED99-4D12-8714-DB9EA94398E6}.Debug|Any CPU.Build.0 = Debug|Any CPU
		{84B87619-ED99-4D12-8714-DB9EA94398E6}.Release|Any CPU.ActiveCfg = Release|Any CPU
		{84B87619-ED99-4D12-8714-DB9EA94398E6}.Release|Any CPU.Build.0 = Release|Any CPU
		{483E85C8-A70E-4C13-9F25-A90FAD48E4F8}.Debug|Any CPU.ActiveCfg = Debug|Any CPU
		{483E85C8-A70E-4C13-9F25-A90FAD48E4F8}.Debug|Any CPU.Build.0 = Debug|Any CPU
		{483E85C8-A70E-4C13-9F25-A90FAD48E4F8}.Release|Any CPU.ActiveCfg = Release|Any CPU
		{483E85C8-A70E-4C13-9F25-A90FAD48E4F8}.Release|Any CPU.Build.0 = Release|Any CPU
		{606C70E1-20CA-4ED0-B24D-FF1A7CB89727}.Debug|Any CPU.ActiveCfg = Debug|Any CPU
		{606C70E1-20CA-4ED0-B24D-FF1A7CB89727}.Debug|Any CPU.Build.0 = Debug|Any CPU
		{606C70E1-20CA-4ED0-B24D-FF1A7CB89727}.Release|Any CPU.ActiveCfg = Release|Any CPU
		{606C70E1-20CA-4ED0-B24D-FF1A7CB89727}.Release|Any CPU.Build.0 = Release|Any CPU
		{A79F9448-FF56-4864-B40E-D674068D0B7C}.Debug|Any CPU.ActiveCfg = Debug|Any CPU
		{A79F9448-FF56-4864-B40E-D674068D0B7C}.Debug|Any CPU.Build.0 = Debug|Any CPU
		{A79F9448-FF56-4864-B40E-D674068D0B7C}.Release|Any CPU.ActiveCfg = Release|Any CPU
		{A79F9448-FF56-4864-B40E-D674068D0B7C}.Release|Any CPU.Build.0 = Release|Any CPU
		{EC5A5CD4-A76A-45B5-82FB-CAABB4C4609A}.Debug|Any CPU.ActiveCfg = Debug|Any CPU
		{EC5A5CD4-A76A-45B5-82FB-CAABB4C4609A}.Debug|Any CPU.Build.0 = Debug|Any CPU
		{EC5A5CD4-A76A-45B5-82FB-CAABB4C4609A}.Release|Any CPU.ActiveCfg = Release|Any CPU
		{EC5A5CD4-A76A-45B5-82FB-CAABB4C4609A}.Release|Any CPU.Build.0 = Release|Any CPU
		{10F0FE78-039E-41EC-B225-D1FA20AEF51C}.Debug|Any CPU.ActiveCfg = Debug|Any CPU
		{10F0FE78-039E-41EC-B225-D1FA20AEF51C}.Debug|Any CPU.Build.0 = Debug|Any CPU
		{10F0FE78-039E-41EC-B225-D1FA20AEF51C}.Release|Any CPU.ActiveCfg = Release|Any CPU
		{10F0FE78-039E-41EC-B225-D1FA20AEF51C}.Release|Any CPU.Build.0 = Release|Any CPU
		{E50096E0-A554-44F5-B9E7-14338D26919F}.Debug|Any CPU.ActiveCfg = Debug|Any CPU
		{E50096E0-A554-44F5-B9E7-14338D26919F}.Debug|Any CPU.Build.0 = Debug|Any CPU
		{E50096E0-A554-44F5-B9E7-14338D26919F}.Release|Any CPU.ActiveCfg = Release|Any CPU
		{E50096E0-A554-44F5-B9E7-14338D26919F}.Release|Any CPU.Build.0 = Release|Any CPU
		{920DB3F1-C9E7-40D3-B021-9ABD437E25C2}.Debug|Any CPU.ActiveCfg = Debug|Any CPU
		{920DB3F1-C9E7-40D3-B021-9ABD437E25C2}.Debug|Any CPU.Build.0 = Debug|Any CPU
		{920DB3F1-C9E7-40D3-B021-9ABD437E25C2}.Release|Any CPU.ActiveCfg = Release|Any CPU
		{920DB3F1-C9E7-40D3-B021-9ABD437E25C2}.Release|Any CPU.Build.0 = Release|Any CPU
		{C5B1E9F0-84D8-4752-936D-1C33931F6025}.Debug|Any CPU.ActiveCfg = Debug|Any CPU
		{C5B1E9F0-84D8-4752-936D-1C33931F6025}.Debug|Any CPU.Build.0 = Debug|Any CPU
		{C5B1E9F0-84D8-4752-936D-1C33931F6025}.Release|Any CPU.ActiveCfg = Release|Any CPU
		{C5B1E9F0-84D8-4752-936D-1C33931F6025}.Release|Any CPU.Build.0 = Release|Any CPU
		{C1B35796-8685-405B-99B6-053BB133AB29}.Debug|Any CPU.ActiveCfg = Debug|Any CPU
		{C1B35796-8685-405B-99B6-053BB133AB29}.Debug|Any CPU.Build.0 = Debug|Any CPU
		{C1B35796-8685-405B-99B6-053BB133AB29}.Release|Any CPU.ActiveCfg = Release|Any CPU
		{C1B35796-8685-405B-99B6-053BB133AB29}.Release|Any CPU.Build.0 = Release|Any CPU
		{3C1997E0-4D7C-4570-A012-6648F7E52380}.Debug|Any CPU.ActiveCfg = Debug|Any CPU
		{3C1997E0-4D7C-4570-A012-6648F7E52380}.Debug|Any CPU.Build.0 = Debug|Any CPU
		{3C1997E0-4D7C-4570-A012-6648F7E52380}.Release|Any CPU.ActiveCfg = Release|Any CPU
		{3C1997E0-4D7C-4570-A012-6648F7E52380}.Release|Any CPU.Build.0 = Release|Any CPU
		{4F501E0C-424E-4591-9B07-1C2E72736426}.Debug|Any CPU.ActiveCfg = Debug|Any CPU
		{4F501E0C-424E-4591-9B07-1C2E72736426}.Debug|Any CPU.Build.0 = Debug|Any CPU
		{4F501E0C-424E-4591-9B07-1C2E72736426}.Release|Any CPU.ActiveCfg = Release|Any CPU
		{4F501E0C-424E-4591-9B07-1C2E72736426}.Release|Any CPU.Build.0 = Release|Any CPU
		{552C3DB4-85DD-4CFC-9BFF-21BB00AE92CD}.Debug|Any CPU.ActiveCfg = Debug|Any CPU
		{552C3DB4-85DD-4CFC-9BFF-21BB00AE92CD}.Debug|Any CPU.Build.0 = Debug|Any CPU
		{552C3DB4-85DD-4CFC-9BFF-21BB00AE92CD}.Release|Any CPU.ActiveCfg = Release|Any CPU
		{552C3DB4-85DD-4CFC-9BFF-21BB00AE92CD}.Release|Any CPU.Build.0 = Release|Any CPU
		{9318940F-C832-44F8-B7FF-2046372B95BD}.Debug|Any CPU.ActiveCfg = Debug|Any CPU
		{9318940F-C832-44F8-B7FF-2046372B95BD}.Debug|Any CPU.Build.0 = Debug|Any CPU
		{9318940F-C832-44F8-B7FF-2046372B95BD}.Release|Any CPU.ActiveCfg = Release|Any CPU
		{9318940F-C832-44F8-B7FF-2046372B95BD}.Release|Any CPU.Build.0 = Release|Any CPU
		{AFDF6754-6F0C-4E62-B268-58EACA7ADF22}.Debug|Any CPU.ActiveCfg = Debug|Any CPU
		{AFDF6754-6F0C-4E62-B268-58EACA7ADF22}.Debug|Any CPU.Build.0 = Debug|Any CPU
		{AFDF6754-6F0C-4E62-B268-58EACA7ADF22}.Release|Any CPU.ActiveCfg = Release|Any CPU
		{AFDF6754-6F0C-4E62-B268-58EACA7ADF22}.Release|Any CPU.Build.0 = Release|Any CPU
		{E6CCCE1B-AF1E-4DA7-958F-528DD2976550}.Debug|Any CPU.ActiveCfg = Debug|Any CPU
		{E6CCCE1B-AF1E-4DA7-958F-528DD2976550}.Debug|Any CPU.Build.0 = Debug|Any CPU
		{E6CCCE1B-AF1E-4DA7-958F-528DD2976550}.Release|Any CPU.ActiveCfg = Release|Any CPU
		{E6CCCE1B-AF1E-4DA7-958F-528DD2976550}.Release|Any CPU.Build.0 = Release|Any CPU
		{17D510A5-E21F-427B-804A-533597046484}.Debug|Any CPU.ActiveCfg = Debug|Any CPU
		{17D510A5-E21F-427B-804A-533597046484}.Debug|Any CPU.Build.0 = Debug|Any CPU
		{17D510A5-E21F-427B-804A-533597046484}.Release|Any CPU.ActiveCfg = Release|Any CPU
		{17D510A5-E21F-427B-804A-533597046484}.Release|Any CPU.Build.0 = Release|Any CPU
		{F3B26F1A-A8C8-40C5-B99A-2D27E5F88DDE}.Debug|Any CPU.ActiveCfg = Debug|Any CPU
		{F3B26F1A-A8C8-40C5-B99A-2D27E5F88DDE}.Debug|Any CPU.Build.0 = Debug|Any CPU
		{F3B26F1A-A8C8-40C5-B99A-2D27E5F88DDE}.Release|Any CPU.ActiveCfg = Release|Any CPU
		{F3B26F1A-A8C8-40C5-B99A-2D27E5F88DDE}.Release|Any CPU.Build.0 = Release|Any CPU
		{3FE5AD6D-09DB-4CFE-8465-50E70F2D17E5}.Debug|Any CPU.ActiveCfg = Debug|Any CPU
		{3FE5AD6D-09DB-4CFE-8465-50E70F2D17E5}.Debug|Any CPU.Build.0 = Debug|Any CPU
		{3FE5AD6D-09DB-4CFE-8465-50E70F2D17E5}.Release|Any CPU.ActiveCfg = Release|Any CPU
		{3FE5AD6D-09DB-4CFE-8465-50E70F2D17E5}.Release|Any CPU.Build.0 = Release|Any CPU
		{5AC1F781-55C0-41D2-8856-C32494BFAE15}.Debug|Any CPU.ActiveCfg = Debug|Any CPU
		{5AC1F781-55C0-41D2-8856-C32494BFAE15}.Debug|Any CPU.Build.0 = Debug|Any CPU
		{5AC1F781-55C0-41D2-8856-C32494BFAE15}.Release|Any CPU.ActiveCfg = Release|Any CPU
		{5AC1F781-55C0-41D2-8856-C32494BFAE15}.Release|Any CPU.Build.0 = Release|Any CPU
		{4AFC432F-DEBC-4E14-811D-2C829191A800}.Debug|Any CPU.ActiveCfg = Debug|Any CPU
		{4AFC432F-DEBC-4E14-811D-2C829191A800}.Debug|Any CPU.Build.0 = Debug|Any CPU
		{4AFC432F-DEBC-4E14-811D-2C829191A800}.Release|Any CPU.ActiveCfg = Release|Any CPU
		{4AFC432F-DEBC-4E14-811D-2C829191A800}.Release|Any CPU.Build.0 = Release|Any CPU
		{8E63D7BE-AAEE-4A1F-84EC-9C8CF7E4C407}.Debug|Any CPU.ActiveCfg = Debug|Any CPU
		{8E63D7BE-AAEE-4A1F-84EC-9C8CF7E4C407}.Debug|Any CPU.Build.0 = Debug|Any CPU
		{8E63D7BE-AAEE-4A1F-84EC-9C8CF7E4C407}.Release|Any CPU.ActiveCfg = Release|Any CPU
		{8E63D7BE-AAEE-4A1F-84EC-9C8CF7E4C407}.Release|Any CPU.Build.0 = Release|Any CPU
		{4EEC4666-D1AA-4F18-B4B5-2667506C3AF9}.Debug|Any CPU.ActiveCfg = Debug|Any CPU
		{4EEC4666-D1AA-4F18-B4B5-2667506C3AF9}.Debug|Any CPU.Build.0 = Debug|Any CPU
		{4EEC4666-D1AA-4F18-B4B5-2667506C3AF9}.Release|Any CPU.ActiveCfg = Release|Any CPU
		{4EEC4666-D1AA-4F18-B4B5-2667506C3AF9}.Release|Any CPU.Build.0 = Release|Any CPU
		{EBE3BCE5-A94B-4D98-8EDD-1D3DC3839381}.Debug|Any CPU.ActiveCfg = Debug|Any CPU
		{EBE3BCE5-A94B-4D98-8EDD-1D3DC3839381}.Debug|Any CPU.Build.0 = Debug|Any CPU
		{EBE3BCE5-A94B-4D98-8EDD-1D3DC3839381}.Release|Any CPU.ActiveCfg = Release|Any CPU
		{EBE3BCE5-A94B-4D98-8EDD-1D3DC3839381}.Release|Any CPU.Build.0 = Release|Any CPU
		{4E241599-9BAE-467E-9100-53335D6BD9FE}.Debug|Any CPU.ActiveCfg = Debug|Any CPU
		{4E241599-9BAE-467E-9100-53335D6BD9FE}.Debug|Any CPU.Build.0 = Debug|Any CPU
		{4E241599-9BAE-467E-9100-53335D6BD9FE}.Release|Any CPU.ActiveCfg = Release|Any CPU
		{4E241599-9BAE-467E-9100-53335D6BD9FE}.Release|Any CPU.Build.0 = Release|Any CPU
		{FD157FF6-7D5B-4204-B39F-CD43863C8D52}.Debug|Any CPU.ActiveCfg = Debug|Any CPU
		{FD157FF6-7D5B-4204-B39F-CD43863C8D52}.Debug|Any CPU.Build.0 = Debug|Any CPU
		{FD157FF6-7D5B-4204-B39F-CD43863C8D52}.Release|Any CPU.ActiveCfg = Release|Any CPU
		{FD157FF6-7D5B-4204-B39F-CD43863C8D52}.Release|Any CPU.Build.0 = Release|Any CPU
		{5652C394-BAE8-4A4F-B6AA-AD1BA7963415}.Debug|Any CPU.ActiveCfg = Debug|Any CPU
		{5652C394-BAE8-4A4F-B6AA-AD1BA7963415}.Debug|Any CPU.Build.0 = Debug|Any CPU
		{5652C394-BAE8-4A4F-B6AA-AD1BA7963415}.Release|Any CPU.ActiveCfg = Release|Any CPU
		{5652C394-BAE8-4A4F-B6AA-AD1BA7963415}.Release|Any CPU.Build.0 = Release|Any CPU
		{A0E7E955-9405-48D6-BB20-56F1516604F6}.Debug|Any CPU.ActiveCfg = Debug|Any CPU
		{A0E7E955-9405-48D6-BB20-56F1516604F6}.Debug|Any CPU.Build.0 = Debug|Any CPU
		{A0E7E955-9405-48D6-BB20-56F1516604F6}.Release|Any CPU.ActiveCfg = Release|Any CPU
		{A0E7E955-9405-48D6-BB20-56F1516604F6}.Release|Any CPU.Build.0 = Release|Any CPU
		{609FA989-9436-4FCA-ACD9-EA5ACF947729}.Debug|Any CPU.ActiveCfg = Debug|Any CPU
		{609FA989-9436-4FCA-ACD9-EA5ACF947729}.Debug|Any CPU.Build.0 = Debug|Any CPU
		{609FA989-9436-4FCA-ACD9-EA5ACF947729}.Release|Any CPU.ActiveCfg = Release|Any CPU
		{609FA989-9436-4FCA-ACD9-EA5ACF947729}.Release|Any CPU.Build.0 = Release|Any CPU
		{4DD3EE89-A268-4E16-87E3-A122C86D57D8}.Debug|Any CPU.ActiveCfg = Debug|Any CPU
		{4DD3EE89-A268-4E16-87E3-A122C86D57D8}.Debug|Any CPU.Build.0 = Debug|Any CPU
		{4DD3EE89-A268-4E16-87E3-A122C86D57D8}.Release|Any CPU.ActiveCfg = Release|Any CPU
		{4DD3EE89-A268-4E16-87E3-A122C86D57D8}.Release|Any CPU.Build.0 = Release|Any CPU
		{DE1D1E9B-C823-42C1-8712-5F4DB2481AD9}.Debug|Any CPU.ActiveCfg = Debug|Any CPU
		{DE1D1E9B-C823-42C1-8712-5F4DB2481AD9}.Debug|Any CPU.Build.0 = Debug|Any CPU
		{DE1D1E9B-C823-42C1-8712-5F4DB2481AD9}.Release|Any CPU.ActiveCfg = Release|Any CPU
		{DE1D1E9B-C823-42C1-8712-5F4DB2481AD9}.Release|Any CPU.Build.0 = Release|Any CPU
		{6DC08F1A-3082-4C76-8846-D8F234DF4C63}.Debug|Any CPU.ActiveCfg = Debug|Any CPU
		{6DC08F1A-3082-4C76-8846-D8F234DF4C63}.Debug|Any CPU.Build.0 = Debug|Any CPU
		{6DC08F1A-3082-4C76-8846-D8F234DF4C63}.Release|Any CPU.ActiveCfg = Release|Any CPU
		{6DC08F1A-3082-4C76-8846-D8F234DF4C63}.Release|Any CPU.Build.0 = Release|Any CPU
		{318DC812-91E1-41E5-BF74-30E195814654}.Debug|Any CPU.ActiveCfg = Debug|Any CPU
		{318DC812-91E1-41E5-BF74-30E195814654}.Debug|Any CPU.Build.0 = Debug|Any CPU
		{318DC812-91E1-41E5-BF74-30E195814654}.Release|Any CPU.ActiveCfg = Release|Any CPU
		{318DC812-91E1-41E5-BF74-30E195814654}.Release|Any CPU.Build.0 = Release|Any CPU
		{1108499F-B321-4BD9-A25C-2542A940D660}.Debug|Any CPU.ActiveCfg = Debug|Any CPU
		{1108499F-B321-4BD9-A25C-2542A940D660}.Debug|Any CPU.Build.0 = Debug|Any CPU
		{1108499F-B321-4BD9-A25C-2542A940D660}.Release|Any CPU.ActiveCfg = Release|Any CPU
		{1108499F-B321-4BD9-A25C-2542A940D660}.Release|Any CPU.Build.0 = Release|Any CPU
		{2FFAC80F-90BD-4527-A691-8819C46A9B07}.Debug|Any CPU.ActiveCfg = Debug|Any CPU
		{2FFAC80F-90BD-4527-A691-8819C46A9B07}.Debug|Any CPU.Build.0 = Debug|Any CPU
		{2FFAC80F-90BD-4527-A691-8819C46A9B07}.Release|Any CPU.ActiveCfg = Release|Any CPU
		{2FFAC80F-90BD-4527-A691-8819C46A9B07}.Release|Any CPU.Build.0 = Release|Any CPU
		{5F62DEE6-8894-41E3-B715-1D0E54A04BB6}.Debug|Any CPU.ActiveCfg = Debug|Any CPU
		{5F62DEE6-8894-41E3-B715-1D0E54A04BB6}.Debug|Any CPU.Build.0 = Debug|Any CPU
		{5F62DEE6-8894-41E3-B715-1D0E54A04BB6}.Release|Any CPU.ActiveCfg = Release|Any CPU
		{5F62DEE6-8894-41E3-B715-1D0E54A04BB6}.Release|Any CPU.Build.0 = Release|Any CPU
		{3EB79FB0-3423-49D0-B025-647D0738B4C5}.Debug|Any CPU.ActiveCfg = Debug|Any CPU
		{3EB79FB0-3423-49D0-B025-647D0738B4C5}.Debug|Any CPU.Build.0 = Debug|Any CPU
		{3EB79FB0-3423-49D0-B025-647D0738B4C5}.Release|Any CPU.ActiveCfg = Release|Any CPU
		{3EB79FB0-3423-49D0-B025-647D0738B4C5}.Release|Any CPU.Build.0 = Release|Any CPU
		{7C1DC2D0-3516-4E06-90D3-3B9A963A6055}.Debug|Any CPU.ActiveCfg = Debug|Any CPU
		{7C1DC2D0-3516-4E06-90D3-3B9A963A6055}.Debug|Any CPU.Build.0 = Debug|Any CPU
		{7C1DC2D0-3516-4E06-90D3-3B9A963A6055}.Release|Any CPU.ActiveCfg = Release|Any CPU
		{7C1DC2D0-3516-4E06-90D3-3B9A963A6055}.Release|Any CPU.Build.0 = Release|Any CPU
		{3B160DC7-42B5-4383-8CB3-85D6B37DF8D3}.Debug|Any CPU.ActiveCfg = Debug|Any CPU
		{3B160DC7-42B5-4383-8CB3-85D6B37DF8D3}.Debug|Any CPU.Build.0 = Debug|Any CPU
		{3B160DC7-42B5-4383-8CB3-85D6B37DF8D3}.Release|Any CPU.ActiveCfg = Release|Any CPU
		{3B160DC7-42B5-4383-8CB3-85D6B37DF8D3}.Release|Any CPU.Build.0 = Release|Any CPU
		{9F0AEDC1-4039-43FF-9166-283D74C9A285}.Debug|Any CPU.ActiveCfg = Debug|Any CPU
		{9F0AEDC1-4039-43FF-9166-283D74C9A285}.Debug|Any CPU.Build.0 = Debug|Any CPU
		{9F0AEDC1-4039-43FF-9166-283D74C9A285}.Release|Any CPU.ActiveCfg = Release|Any CPU
		{9F0AEDC1-4039-43FF-9166-283D74C9A285}.Release|Any CPU.Build.0 = Release|Any CPU
		{47C3BB8E-6D01-4C10-984F-C7C5D956C52D}.Debug|Any CPU.ActiveCfg = Debug|Any CPU
		{47C3BB8E-6D01-4C10-984F-C7C5D956C52D}.Debug|Any CPU.Build.0 = Debug|Any CPU
		{47C3BB8E-6D01-4C10-984F-C7C5D956C52D}.Release|Any CPU.ActiveCfg = Release|Any CPU
		{47C3BB8E-6D01-4C10-984F-C7C5D956C52D}.Release|Any CPU.Build.0 = Release|Any CPU
		{2AC863A5-243E-49B2-BE3F-EB0B39951955}.Debug|Any CPU.ActiveCfg = Debug|Any CPU
		{2AC863A5-243E-49B2-BE3F-EB0B39951955}.Debug|Any CPU.Build.0 = Debug|Any CPU
		{2AC863A5-243E-49B2-BE3F-EB0B39951955}.Release|Any CPU.ActiveCfg = Release|Any CPU
		{2AC863A5-243E-49B2-BE3F-EB0B39951955}.Release|Any CPU.Build.0 = Release|Any CPU
		{C04766D5-95BB-44E0-BA42-F25378849A86}.Debug|Any CPU.ActiveCfg = Debug|Any CPU
		{C04766D5-95BB-44E0-BA42-F25378849A86}.Debug|Any CPU.Build.0 = Debug|Any CPU
		{C04766D5-95BB-44E0-BA42-F25378849A86}.Release|Any CPU.ActiveCfg = Release|Any CPU
		{C04766D5-95BB-44E0-BA42-F25378849A86}.Release|Any CPU.Build.0 = Release|Any CPU
		{DB889E5C-ABBD-490B-926C-A370A3102B7D}.Debug|Any CPU.ActiveCfg = Debug|Any CPU
		{DB889E5C-ABBD-490B-926C-A370A3102B7D}.Debug|Any CPU.Build.0 = Debug|Any CPU
		{DB889E5C-ABBD-490B-926C-A370A3102B7D}.Release|Any CPU.ActiveCfg = Release|Any CPU
		{DB889E5C-ABBD-490B-926C-A370A3102B7D}.Release|Any CPU.Build.0 = Release|Any CPU
		{694B37C6-9905-471B-8D8C-F74610AAEC4B}.Debug|Any CPU.ActiveCfg = Debug|Any CPU
		{694B37C6-9905-471B-8D8C-F74610AAEC4B}.Debug|Any CPU.Build.0 = Debug|Any CPU
		{694B37C6-9905-471B-8D8C-F74610AAEC4B}.Release|Any CPU.ActiveCfg = Release|Any CPU
		{694B37C6-9905-471B-8D8C-F74610AAEC4B}.Release|Any CPU.Build.0 = Release|Any CPU
		{278BD9F1-48C1-44C2-936C-A04D0F738FC2}.Debug|Any CPU.ActiveCfg = Debug|Any CPU
		{278BD9F1-48C1-44C2-936C-A04D0F738FC2}.Debug|Any CPU.Build.0 = Debug|Any CPU
		{278BD9F1-48C1-44C2-936C-A04D0F738FC2}.Release|Any CPU.ActiveCfg = Release|Any CPU
		{278BD9F1-48C1-44C2-936C-A04D0F738FC2}.Release|Any CPU.Build.0 = Release|Any CPU
		{04F767ED-A8CF-4F51-B2F4-4D943A3AB2A2}.Debug|Any CPU.ActiveCfg = Debug|Any CPU
		{04F767ED-A8CF-4F51-B2F4-4D943A3AB2A2}.Debug|Any CPU.Build.0 = Debug|Any CPU
		{04F767ED-A8CF-4F51-B2F4-4D943A3AB2A2}.Release|Any CPU.ActiveCfg = Release|Any CPU
		{04F767ED-A8CF-4F51-B2F4-4D943A3AB2A2}.Release|Any CPU.Build.0 = Release|Any CPU
		{F3CBBF33-2F2C-43B0-9C9F-3C88ECD63697}.Debug|Any CPU.ActiveCfg = Debug|Any CPU
		{F3CBBF33-2F2C-43B0-9C9F-3C88ECD63697}.Debug|Any CPU.Build.0 = Debug|Any CPU
		{F3CBBF33-2F2C-43B0-9C9F-3C88ECD63697}.Release|Any CPU.ActiveCfg = Release|Any CPU
		{F3CBBF33-2F2C-43B0-9C9F-3C88ECD63697}.Release|Any CPU.Build.0 = Release|Any CPU
		{F1013012-503D-41F2-85C7-C269D2009AB6}.Debug|Any CPU.ActiveCfg = Debug|Any CPU
		{F1013012-503D-41F2-85C7-C269D2009AB6}.Debug|Any CPU.Build.0 = Debug|Any CPU
		{F1013012-503D-41F2-85C7-C269D2009AB6}.Release|Any CPU.ActiveCfg = Release|Any CPU
		{F1013012-503D-41F2-85C7-C269D2009AB6}.Release|Any CPU.Build.0 = Release|Any CPU
		{88024874-4D0E-4FC4-BDA4-8F6E54B06F3B}.Debug|Any CPU.ActiveCfg = Debug|Any CPU
		{88024874-4D0E-4FC4-BDA4-8F6E54B06F3B}.Debug|Any CPU.Build.0 = Debug|Any CPU
		{88024874-4D0E-4FC4-BDA4-8F6E54B06F3B}.Release|Any CPU.ActiveCfg = Release|Any CPU
		{88024874-4D0E-4FC4-BDA4-8F6E54B06F3B}.Release|Any CPU.Build.0 = Release|Any CPU
		{5DC72D0F-9A26-462B-99B2-6402B9AEDEC6}.Debug|Any CPU.ActiveCfg = Debug|Any CPU
		{5DC72D0F-9A26-462B-99B2-6402B9AEDEC6}.Debug|Any CPU.Build.0 = Debug|Any CPU
		{5DC72D0F-9A26-462B-99B2-6402B9AEDEC6}.Release|Any CPU.ActiveCfg = Release|Any CPU
		{5DC72D0F-9A26-462B-99B2-6402B9AEDEC6}.Release|Any CPU.Build.0 = Release|Any CPU
		{4CD46154-5E17-4E99-A206-D53A402B5BF4}.Debug|Any CPU.ActiveCfg = Debug|Any CPU
		{4CD46154-5E17-4E99-A206-D53A402B5BF4}.Debug|Any CPU.Build.0 = Debug|Any CPU
		{4CD46154-5E17-4E99-A206-D53A402B5BF4}.Release|Any CPU.ActiveCfg = Release|Any CPU
		{4CD46154-5E17-4E99-A206-D53A402B5BF4}.Release|Any CPU.Build.0 = Release|Any CPU
		{C7CEB8BD-741B-407D-A36E-EAA7D30D9520}.Debug|Any CPU.ActiveCfg = Debug|Any CPU
		{C7CEB8BD-741B-407D-A36E-EAA7D30D9520}.Debug|Any CPU.Build.0 = Debug|Any CPU
		{C7CEB8BD-741B-407D-A36E-EAA7D30D9520}.Release|Any CPU.ActiveCfg = Release|Any CPU
		{C7CEB8BD-741B-407D-A36E-EAA7D30D9520}.Release|Any CPU.Build.0 = Release|Any CPU
		{DE83B30F-091A-4CC8-9536-AF8071D4410A}.Debug|Any CPU.ActiveCfg = Debug|Any CPU
		{DE83B30F-091A-4CC8-9536-AF8071D4410A}.Debug|Any CPU.Build.0 = Debug|Any CPU
		{DE83B30F-091A-4CC8-9536-AF8071D4410A}.Release|Any CPU.ActiveCfg = Release|Any CPU
		{DE83B30F-091A-4CC8-9536-AF8071D4410A}.Release|Any CPU.Build.0 = Release|Any CPU
		{CE2E9C75-7473-4C12-8145-AF5A74C38539}.Debug|Any CPU.ActiveCfg = Debug|Any CPU
		{CE2E9C75-7473-4C12-8145-AF5A74C38539}.Debug|Any CPU.Build.0 = Debug|Any CPU
		{CE2E9C75-7473-4C12-8145-AF5A74C38539}.Release|Any CPU.ActiveCfg = Release|Any CPU
		{CE2E9C75-7473-4C12-8145-AF5A74C38539}.Release|Any CPU.Build.0 = Release|Any CPU
		{AE33ED07-D0C0-482C-B2AA-B6F614D7C737}.Debug|Any CPU.ActiveCfg = Debug|Any CPU
		{AE33ED07-D0C0-482C-B2AA-B6F614D7C737}.Debug|Any CPU.Build.0 = Debug|Any CPU
		{AE33ED07-D0C0-482C-B2AA-B6F614D7C737}.Release|Any CPU.ActiveCfg = Release|Any CPU
		{AE33ED07-D0C0-482C-B2AA-B6F614D7C737}.Release|Any CPU.Build.0 = Release|Any CPU
		{B7619208-57F4-450D-ACB5-944C620F8014}.Debug|Any CPU.ActiveCfg = Debug|Any CPU
		{B7619208-57F4-450D-ACB5-944C620F8014}.Debug|Any CPU.Build.0 = Debug|Any CPU
		{B7619208-57F4-450D-ACB5-944C620F8014}.Release|Any CPU.ActiveCfg = Release|Any CPU
		{B7619208-57F4-450D-ACB5-944C620F8014}.Release|Any CPU.Build.0 = Release|Any CPU
		{1A5348A9-1091-48C6-882F-9C716D1500F3}.Debug|Any CPU.ActiveCfg = Debug|Any CPU
		{1A5348A9-1091-48C6-882F-9C716D1500F3}.Debug|Any CPU.Build.0 = Debug|Any CPU
		{1A5348A9-1091-48C6-882F-9C716D1500F3}.Release|Any CPU.ActiveCfg = Release|Any CPU
		{1A5348A9-1091-48C6-882F-9C716D1500F3}.Release|Any CPU.Build.0 = Release|Any CPU
		{3B3EE61A-B62D-4C65-8E6E-0172D9D51894}.Debug|Any CPU.ActiveCfg = Debug|Any CPU
		{3B3EE61A-B62D-4C65-8E6E-0172D9D51894}.Debug|Any CPU.Build.0 = Debug|Any CPU
		{3B3EE61A-B62D-4C65-8E6E-0172D9D51894}.Release|Any CPU.ActiveCfg = Release|Any CPU
		{3B3EE61A-B62D-4C65-8E6E-0172D9D51894}.Release|Any CPU.Build.0 = Release|Any CPU
		{141DDFBC-7036-44AD-840B-880F59E53976}.Debug|Any CPU.ActiveCfg = Debug|Any CPU
		{141DDFBC-7036-44AD-840B-880F59E53976}.Debug|Any CPU.Build.0 = Debug|Any CPU
		{141DDFBC-7036-44AD-840B-880F59E53976}.Release|Any CPU.ActiveCfg = Release|Any CPU
		{141DDFBC-7036-44AD-840B-880F59E53976}.Release|Any CPU.Build.0 = Release|Any CPU
		{0B3425CF-C86C-4EBF-99A1-0DD792A1D860}.Debug|Any CPU.ActiveCfg = Debug|Any CPU
		{0B3425CF-C86C-4EBF-99A1-0DD792A1D860}.Debug|Any CPU.Build.0 = Debug|Any CPU
		{0B3425CF-C86C-4EBF-99A1-0DD792A1D860}.Release|Any CPU.ActiveCfg = Release|Any CPU
		{0B3425CF-C86C-4EBF-99A1-0DD792A1D860}.Release|Any CPU.Build.0 = Release|Any CPU
		{2E936E69-A5A8-4BD9-9090-9F44D17149B2}.Debug|Any CPU.ActiveCfg = Debug|Any CPU
		{2E936E69-A5A8-4BD9-9090-9F44D17149B2}.Debug|Any CPU.Build.0 = Debug|Any CPU
		{2E936E69-A5A8-4BD9-9090-9F44D17149B2}.Release|Any CPU.ActiveCfg = Release|Any CPU
		{2E936E69-A5A8-4BD9-9090-9F44D17149B2}.Release|Any CPU.Build.0 = Release|Any CPU
		{858B4BC7-12BA-4B06-BCFD-11CC8FFEA51C}.Debug|Any CPU.ActiveCfg = Debug|Any CPU
		{858B4BC7-12BA-4B06-BCFD-11CC8FFEA51C}.Debug|Any CPU.Build.0 = Debug|Any CPU
		{858B4BC7-12BA-4B06-BCFD-11CC8FFEA51C}.Release|Any CPU.ActiveCfg = Release|Any CPU
		{858B4BC7-12BA-4B06-BCFD-11CC8FFEA51C}.Release|Any CPU.Build.0 = Release|Any CPU
		{23C7E607-EF8D-4256-BC12-6B4B6C5E4845}.Debug|Any CPU.ActiveCfg = Debug|Any CPU
		{23C7E607-EF8D-4256-BC12-6B4B6C5E4845}.Debug|Any CPU.Build.0 = Debug|Any CPU
		{23C7E607-EF8D-4256-BC12-6B4B6C5E4845}.Release|Any CPU.ActiveCfg = Release|Any CPU
		{23C7E607-EF8D-4256-BC12-6B4B6C5E4845}.Release|Any CPU.Build.0 = Release|Any CPU
		{5BB9393A-85FC-4B1E-9C4F-1783A0244905}.Debug|Any CPU.ActiveCfg = Debug|Any CPU
		{5BB9393A-85FC-4B1E-9C4F-1783A0244905}.Debug|Any CPU.Build.0 = Debug|Any CPU
		{5BB9393A-85FC-4B1E-9C4F-1783A0244905}.Release|Any CPU.ActiveCfg = Release|Any CPU
		{5BB9393A-85FC-4B1E-9C4F-1783A0244905}.Release|Any CPU.Build.0 = Release|Any CPU
		{137BCDAE-2A81-4C51-9F20-A2C4F636A51C}.Debug|Any CPU.ActiveCfg = Debug|Any CPU
		{137BCDAE-2A81-4C51-9F20-A2C4F636A51C}.Debug|Any CPU.Build.0 = Debug|Any CPU
		{137BCDAE-2A81-4C51-9F20-A2C4F636A51C}.Release|Any CPU.ActiveCfg = Release|Any CPU
		{137BCDAE-2A81-4C51-9F20-A2C4F636A51C}.Release|Any CPU.Build.0 = Release|Any CPU
		{009731E8-1020-4A51-9D86-D65CF3182906}.Debug|Any CPU.ActiveCfg = Debug|Any CPU
		{009731E8-1020-4A51-9D86-D65CF3182906}.Debug|Any CPU.Build.0 = Debug|Any CPU
		{009731E8-1020-4A51-9D86-D65CF3182906}.Release|Any CPU.ActiveCfg = Release|Any CPU
		{009731E8-1020-4A51-9D86-D65CF3182906}.Release|Any CPU.Build.0 = Release|Any CPU
		{34711B4D-8690-44C5-B1CE-80A25B022834}.Debug|Any CPU.ActiveCfg = Debug|Any CPU
		{34711B4D-8690-44C5-B1CE-80A25B022834}.Debug|Any CPU.Build.0 = Debug|Any CPU
		{34711B4D-8690-44C5-B1CE-80A25B022834}.Release|Any CPU.ActiveCfg = Release|Any CPU
		{34711B4D-8690-44C5-B1CE-80A25B022834}.Release|Any CPU.Build.0 = Release|Any CPU
		{8B354215-904D-4592-A868-356E1B47F309}.Debug|Any CPU.ActiveCfg = Debug|Any CPU
		{8B354215-904D-4592-A868-356E1B47F309}.Debug|Any CPU.Build.0 = Debug|Any CPU
		{8B354215-904D-4592-A868-356E1B47F309}.Release|Any CPU.ActiveCfg = Release|Any CPU
		{8B354215-904D-4592-A868-356E1B47F309}.Release|Any CPU.Build.0 = Release|Any CPU
		{A7832F87-DD6A-4575-8F0C-9172191813CB}.Debug|Any CPU.ActiveCfg = Debug|Any CPU
		{A7832F87-DD6A-4575-8F0C-9172191813CB}.Debug|Any CPU.Build.0 = Debug|Any CPU
		{A7832F87-DD6A-4575-8F0C-9172191813CB}.Release|Any CPU.ActiveCfg = Release|Any CPU
		{A7832F87-DD6A-4575-8F0C-9172191813CB}.Release|Any CPU.Build.0 = Release|Any CPU
		{5ED06ED0-19C3-49F2-8199-734E6FD9492A}.Debug|Any CPU.ActiveCfg = Debug|Any CPU
		{5ED06ED0-19C3-49F2-8199-734E6FD9492A}.Debug|Any CPU.Build.0 = Debug|Any CPU
		{5ED06ED0-19C3-49F2-8199-734E6FD9492A}.Release|Any CPU.ActiveCfg = Release|Any CPU
		{5ED06ED0-19C3-49F2-8199-734E6FD9492A}.Release|Any CPU.Build.0 = Release|Any CPU
		{38405A55-26FF-4743-A620-34AB4FCF964C}.Debug|Any CPU.ActiveCfg = Debug|Any CPU
		{38405A55-26FF-4743-A620-34AB4FCF964C}.Debug|Any CPU.Build.0 = Debug|Any CPU
		{38405A55-26FF-4743-A620-34AB4FCF964C}.Release|Any CPU.ActiveCfg = Release|Any CPU
		{38405A55-26FF-4743-A620-34AB4FCF964C}.Release|Any CPU.Build.0 = Release|Any CPU
		{91FBA65A-6B43-4225-84FC-D684F7E0CA4D}.Debug|Any CPU.ActiveCfg = Debug|Any CPU
		{91FBA65A-6B43-4225-84FC-D684F7E0CA4D}.Debug|Any CPU.Build.0 = Debug|Any CPU
		{91FBA65A-6B43-4225-84FC-D684F7E0CA4D}.Release|Any CPU.ActiveCfg = Release|Any CPU
		{91FBA65A-6B43-4225-84FC-D684F7E0CA4D}.Release|Any CPU.Build.0 = Release|Any CPU
		{F969C4FD-73D5-4C2C-AA2E-C38BE0961DA8}.Debug|Any CPU.ActiveCfg = Debug|Any CPU
		{F969C4FD-73D5-4C2C-AA2E-C38BE0961DA8}.Debug|Any CPU.Build.0 = Debug|Any CPU
		{F969C4FD-73D5-4C2C-AA2E-C38BE0961DA8}.Release|Any CPU.ActiveCfg = Release|Any CPU
		{F969C4FD-73D5-4C2C-AA2E-C38BE0961DA8}.Release|Any CPU.Build.0 = Release|Any CPU
		{BB49438E-3A05-437E-AEAD-8489B8906A17}.Debug|Any CPU.ActiveCfg = Debug|Any CPU
		{BB49438E-3A05-437E-AEAD-8489B8906A17}.Debug|Any CPU.Build.0 = Debug|Any CPU
		{BB49438E-3A05-437E-AEAD-8489B8906A17}.Release|Any CPU.ActiveCfg = Release|Any CPU
		{BB49438E-3A05-437E-AEAD-8489B8906A17}.Release|Any CPU.Build.0 = Release|Any CPU
		{2C393D2E-C316-4431-935D-BB9EFA67916E}.Debug|Any CPU.ActiveCfg = Debug|Any CPU
		{2C393D2E-C316-4431-935D-BB9EFA67916E}.Debug|Any CPU.Build.0 = Debug|Any CPU
		{2C393D2E-C316-4431-935D-BB9EFA67916E}.Release|Any CPU.ActiveCfg = Release|Any CPU
		{2C393D2E-C316-4431-935D-BB9EFA67916E}.Release|Any CPU.Build.0 = Release|Any CPU
		{62E8DB6A-0B09-4A15-82C7-1AC8C9B5293E}.Debug|Any CPU.ActiveCfg = Debug|Any CPU
		{62E8DB6A-0B09-4A15-82C7-1AC8C9B5293E}.Debug|Any CPU.Build.0 = Debug|Any CPU
		{62E8DB6A-0B09-4A15-82C7-1AC8C9B5293E}.Release|Any CPU.ActiveCfg = Release|Any CPU
		{62E8DB6A-0B09-4A15-82C7-1AC8C9B5293E}.Release|Any CPU.Build.0 = Release|Any CPU
		{7BE90127-AB31-44A8-9C6A-9AAB50C1C35D}.Debug|Any CPU.ActiveCfg = Debug|Any CPU
		{7BE90127-AB31-44A8-9C6A-9AAB50C1C35D}.Debug|Any CPU.Build.0 = Debug|Any CPU
		{7BE90127-AB31-44A8-9C6A-9AAB50C1C35D}.Release|Any CPU.ActiveCfg = Release|Any CPU
		{7BE90127-AB31-44A8-9C6A-9AAB50C1C35D}.Release|Any CPU.Build.0 = Release|Any CPU
		{568B9305-6112-4054-AEA3-1A3C6AA6F661}.Debug|Any CPU.ActiveCfg = Debug|Any CPU
		{568B9305-6112-4054-AEA3-1A3C6AA6F661}.Debug|Any CPU.Build.0 = Debug|Any CPU
		{568B9305-6112-4054-AEA3-1A3C6AA6F661}.Release|Any CPU.ActiveCfg = Release|Any CPU
		{568B9305-6112-4054-AEA3-1A3C6AA6F661}.Release|Any CPU.Build.0 = Release|Any CPU
		{C905B6C3-9C16-41CF-8C50-1A05E88BD47B}.Debug|Any CPU.ActiveCfg = Debug|Any CPU
		{C905B6C3-9C16-41CF-8C50-1A05E88BD47B}.Debug|Any CPU.Build.0 = Debug|Any CPU
		{C905B6C3-9C16-41CF-8C50-1A05E88BD47B}.Release|Any CPU.ActiveCfg = Release|Any CPU
		{C905B6C3-9C16-41CF-8C50-1A05E88BD47B}.Release|Any CPU.Build.0 = Release|Any CPU
		{DD19E85B-A52D-4552-9A3F-813C59CE7CC9}.Debug|Any CPU.ActiveCfg = Debug|Any CPU
		{DD19E85B-A52D-4552-9A3F-813C59CE7CC9}.Debug|Any CPU.Build.0 = Debug|Any CPU
		{DD19E85B-A52D-4552-9A3F-813C59CE7CC9}.Release|Any CPU.ActiveCfg = Release|Any CPU
		{DD19E85B-A52D-4552-9A3F-813C59CE7CC9}.Release|Any CPU.Build.0 = Release|Any CPU
		{8C1F05E7-0DBB-45E3-928E-45E05D71AA39}.Debug|Any CPU.ActiveCfg = Debug|Any CPU
		{8C1F05E7-0DBB-45E3-928E-45E05D71AA39}.Debug|Any CPU.Build.0 = Debug|Any CPU
		{8C1F05E7-0DBB-45E3-928E-45E05D71AA39}.Release|Any CPU.ActiveCfg = Release|Any CPU
		{8C1F05E7-0DBB-45E3-928E-45E05D71AA39}.Release|Any CPU.Build.0 = Release|Any CPU
		{9F4C45D9-BA53-4996-BE8F-A2EB9CF62084}.Debug|Any CPU.ActiveCfg = Debug|Any CPU
		{9F4C45D9-BA53-4996-BE8F-A2EB9CF62084}.Debug|Any CPU.Build.0 = Debug|Any CPU
		{9F4C45D9-BA53-4996-BE8F-A2EB9CF62084}.Release|Any CPU.ActiveCfg = Release|Any CPU
		{9F4C45D9-BA53-4996-BE8F-A2EB9CF62084}.Release|Any CPU.Build.0 = Release|Any CPU
		{6F5F62FC-8E04-4E34-B415-01804FFB4A69}.Debug|Any CPU.ActiveCfg = Debug|Any CPU
		{6F5F62FC-8E04-4E34-B415-01804FFB4A69}.Debug|Any CPU.Build.0 = Debug|Any CPU
		{6F5F62FC-8E04-4E34-B415-01804FFB4A69}.Release|Any CPU.ActiveCfg = Release|Any CPU
		{6F5F62FC-8E04-4E34-B415-01804FFB4A69}.Release|Any CPU.Build.0 = Release|Any CPU
		{A3DB85D2-FFC2-477C-ACB9-3958970CA45A}.Debug|Any CPU.ActiveCfg = Debug|Any CPU
		{A3DB85D2-FFC2-477C-ACB9-3958970CA45A}.Debug|Any CPU.Build.0 = Debug|Any CPU
		{A3DB85D2-FFC2-477C-ACB9-3958970CA45A}.Release|Any CPU.ActiveCfg = Release|Any CPU
		{A3DB85D2-FFC2-477C-ACB9-3958970CA45A}.Release|Any CPU.Build.0 = Release|Any CPU
		{CC960029-6F83-4E33-B5C1-DE58144F8B58}.Debug|Any CPU.ActiveCfg = Debug|Any CPU
		{CC960029-6F83-4E33-B5C1-DE58144F8B58}.Debug|Any CPU.Build.0 = Debug|Any CPU
		{CC960029-6F83-4E33-B5C1-DE58144F8B58}.Release|Any CPU.ActiveCfg = Release|Any CPU
		{CC960029-6F83-4E33-B5C1-DE58144F8B58}.Release|Any CPU.Build.0 = Release|Any CPU
		{2BC8C418-409B-4C19-98A5-92A56588EA19}.Debug|Any CPU.ActiveCfg = Debug|Any CPU
		{2BC8C418-409B-4C19-98A5-92A56588EA19}.Debug|Any CPU.Build.0 = Debug|Any CPU
		{2BC8C418-409B-4C19-98A5-92A56588EA19}.Release|Any CPU.ActiveCfg = Release|Any CPU
		{2BC8C418-409B-4C19-98A5-92A56588EA19}.Release|Any CPU.Build.0 = Release|Any CPU
		{DC2CE93E-5086-4840-888A-21F7B7C29790}.Debug|Any CPU.ActiveCfg = Debug|Any CPU
		{DC2CE93E-5086-4840-888A-21F7B7C29790}.Debug|Any CPU.Build.0 = Debug|Any CPU
		{DC2CE93E-5086-4840-888A-21F7B7C29790}.Release|Any CPU.ActiveCfg = Release|Any CPU
		{DC2CE93E-5086-4840-888A-21F7B7C29790}.Release|Any CPU.Build.0 = Release|Any CPU
		{011DE239-4E2E-49A0-B5D4-405F15655298}.Debug|Any CPU.ActiveCfg = Debug|Any CPU
		{011DE239-4E2E-49A0-B5D4-405F15655298}.Debug|Any CPU.Build.0 = Debug|Any CPU
		{011DE239-4E2E-49A0-B5D4-405F15655298}.Release|Any CPU.ActiveCfg = Release|Any CPU
		{011DE239-4E2E-49A0-B5D4-405F15655298}.Release|Any CPU.Build.0 = Release|Any CPU
		{88D3B85E-EF2B-4947-9D52-B3EDCD994A24}.Debug|Any CPU.ActiveCfg = Debug|Any CPU
		{88D3B85E-EF2B-4947-9D52-B3EDCD994A24}.Debug|Any CPU.Build.0 = Debug|Any CPU
		{88D3B85E-EF2B-4947-9D52-B3EDCD994A24}.Release|Any CPU.ActiveCfg = Release|Any CPU
		{88D3B85E-EF2B-4947-9D52-B3EDCD994A24}.Release|Any CPU.Build.0 = Release|Any CPU
		{48C38292-83F6-4C7C-A84B-62890D6AD74C}.Debug|Any CPU.ActiveCfg = Debug|Any CPU
		{48C38292-83F6-4C7C-A84B-62890D6AD74C}.Debug|Any CPU.Build.0 = Debug|Any CPU
		{48C38292-83F6-4C7C-A84B-62890D6AD74C}.Release|Any CPU.ActiveCfg = Release|Any CPU
		{48C38292-83F6-4C7C-A84B-62890D6AD74C}.Release|Any CPU.Build.0 = Release|Any CPU
		{F5B677AB-11AD-410D-94FE-88B224468348}.Debug|Any CPU.ActiveCfg = Debug|Any CPU
		{F5B677AB-11AD-410D-94FE-88B224468348}.Debug|Any CPU.Build.0 = Debug|Any CPU
		{F5B677AB-11AD-410D-94FE-88B224468348}.Release|Any CPU.ActiveCfg = Release|Any CPU
		{F5B677AB-11AD-410D-94FE-88B224468348}.Release|Any CPU.Build.0 = Release|Any CPU
		{5E0ED147-5AD5-40A2-8E33-0AB26BD457D2}.Debug|Any CPU.ActiveCfg = Debug|Any CPU
		{5E0ED147-5AD5-40A2-8E33-0AB26BD457D2}.Debug|Any CPU.Build.0 = Debug|Any CPU
		{5E0ED147-5AD5-40A2-8E33-0AB26BD457D2}.Release|Any CPU.ActiveCfg = Release|Any CPU
		{5E0ED147-5AD5-40A2-8E33-0AB26BD457D2}.Release|Any CPU.Build.0 = Release|Any CPU
		{FF78E6CB-55B3-4F68-9691-DA31EACCB200}.Debug|Any CPU.ActiveCfg = Debug|Any CPU
		{FF78E6CB-55B3-4F68-9691-DA31EACCB200}.Debug|Any CPU.Build.0 = Debug|Any CPU
		{FF78E6CB-55B3-4F68-9691-DA31EACCB200}.Release|Any CPU.ActiveCfg = Release|Any CPU
		{FF78E6CB-55B3-4F68-9691-DA31EACCB200}.Release|Any CPU.Build.0 = Release|Any CPU
		{D66278B7-9989-4E37-A5A8-979DECE5EFCD}.Debug|Any CPU.ActiveCfg = Debug|Any CPU
		{D66278B7-9989-4E37-A5A8-979DECE5EFCD}.Debug|Any CPU.Build.0 = Debug|Any CPU
		{D66278B7-9989-4E37-A5A8-979DECE5EFCD}.Release|Any CPU.ActiveCfg = Release|Any CPU
		{D66278B7-9989-4E37-A5A8-979DECE5EFCD}.Release|Any CPU.Build.0 = Release|Any CPU
		{6BAA9472-6A16-426C-9DCD-27D2D328327B}.Debug|Any CPU.ActiveCfg = Debug|Any CPU
		{6BAA9472-6A16-426C-9DCD-27D2D328327B}.Debug|Any CPU.Build.0 = Debug|Any CPU
		{6BAA9472-6A16-426C-9DCD-27D2D328327B}.Release|Any CPU.ActiveCfg = Release|Any CPU
		{6BAA9472-6A16-426C-9DCD-27D2D328327B}.Release|Any CPU.Build.0 = Release|Any CPU
		{8A776453-4A2E-4866-AE86-B2F5C4ED1B49}.Debug|Any CPU.ActiveCfg = Debug|Any CPU
		{8A776453-4A2E-4866-AE86-B2F5C4ED1B49}.Debug|Any CPU.Build.0 = Debug|Any CPU
		{8A776453-4A2E-4866-AE86-B2F5C4ED1B49}.Release|Any CPU.ActiveCfg = Release|Any CPU
		{8A776453-4A2E-4866-AE86-B2F5C4ED1B49}.Release|Any CPU.Build.0 = Release|Any CPU
		{1B266FB4-33EA-4BBC-9EFC-8DE6997B4AA7}.Debug|Any CPU.ActiveCfg = Debug|Any CPU
		{1B266FB4-33EA-4BBC-9EFC-8DE6997B4AA7}.Debug|Any CPU.Build.0 = Debug|Any CPU
		{1B266FB4-33EA-4BBC-9EFC-8DE6997B4AA7}.Release|Any CPU.ActiveCfg = Release|Any CPU
		{1B266FB4-33EA-4BBC-9EFC-8DE6997B4AA7}.Release|Any CPU.Build.0 = Release|Any CPU
		{0A95E7B9-1E98-4987-B20C-B506DCE53735}.Debug|Any CPU.ActiveCfg = Debug|Any CPU
		{0A95E7B9-1E98-4987-B20C-B506DCE53735}.Debug|Any CPU.Build.0 = Debug|Any CPU
		{0A95E7B9-1E98-4987-B20C-B506DCE53735}.Release|Any CPU.ActiveCfg = Release|Any CPU
		{0A95E7B9-1E98-4987-B20C-B506DCE53735}.Release|Any CPU.Build.0 = Release|Any CPU
		{89C92CCF-337B-49D2-95DA-CB3B94FFA77E}.Debug|Any CPU.ActiveCfg = Debug|Any CPU
		{89C92CCF-337B-49D2-95DA-CB3B94FFA77E}.Debug|Any CPU.Build.0 = Debug|Any CPU
		{89C92CCF-337B-49D2-95DA-CB3B94FFA77E}.Release|Any CPU.ActiveCfg = Release|Any CPU
		{89C92CCF-337B-49D2-95DA-CB3B94FFA77E}.Release|Any CPU.Build.0 = Release|Any CPU
		{6ABEF2B4-C512-4724-8FFC-72847933910E}.Debug|Any CPU.ActiveCfg = Debug|Any CPU
		{6ABEF2B4-C512-4724-8FFC-72847933910E}.Debug|Any CPU.Build.0 = Debug|Any CPU
		{6ABEF2B4-C512-4724-8FFC-72847933910E}.Release|Any CPU.ActiveCfg = Release|Any CPU
		{6ABEF2B4-C512-4724-8FFC-72847933910E}.Release|Any CPU.Build.0 = Release|Any CPU
		{8426EEB3-95CC-40D6-8264-3CBB7A0AB94A}.Debug|Any CPU.ActiveCfg = Debug|Any CPU
		{8426EEB3-95CC-40D6-8264-3CBB7A0AB94A}.Debug|Any CPU.Build.0 = Debug|Any CPU
		{8426EEB3-95CC-40D6-8264-3CBB7A0AB94A}.Release|Any CPU.ActiveCfg = Release|Any CPU
		{8426EEB3-95CC-40D6-8264-3CBB7A0AB94A}.Release|Any CPU.Build.0 = Release|Any CPU
		{60B9EBF8-F8A2-4385-932C-B627AFBDFF53}.Debug|Any CPU.ActiveCfg = Debug|Any CPU
		{60B9EBF8-F8A2-4385-932C-B627AFBDFF53}.Debug|Any CPU.Build.0 = Debug|Any CPU
		{60B9EBF8-F8A2-4385-932C-B627AFBDFF53}.Release|Any CPU.ActiveCfg = Release|Any CPU
		{60B9EBF8-F8A2-4385-932C-B627AFBDFF53}.Release|Any CPU.Build.0 = Release|Any CPU
		{D6B1C659-FC4E-4C30-B2FA-5EB3AF92962C}.Debug|Any CPU.ActiveCfg = Debug|Any CPU
		{D6B1C659-FC4E-4C30-B2FA-5EB3AF92962C}.Debug|Any CPU.Build.0 = Debug|Any CPU
		{D6B1C659-FC4E-4C30-B2FA-5EB3AF92962C}.Release|Any CPU.ActiveCfg = Release|Any CPU
		{D6B1C659-FC4E-4C30-B2FA-5EB3AF92962C}.Release|Any CPU.Build.0 = Release|Any CPU
		{EF9204E6-6B90-448D-A973-9DA87DDD8D73}.Debug|Any CPU.ActiveCfg = Debug|Any CPU
		{EF9204E6-6B90-448D-A973-9DA87DDD8D73}.Debug|Any CPU.Build.0 = Debug|Any CPU
		{EF9204E6-6B90-448D-A973-9DA87DDD8D73}.Release|Any CPU.ActiveCfg = Release|Any CPU
		{EF9204E6-6B90-448D-A973-9DA87DDD8D73}.Release|Any CPU.Build.0 = Release|Any CPU
		{71E58AA1-3241-46D5-88C6-98BA45A772EB}.Debug|Any CPU.ActiveCfg = Debug|Any CPU
		{71E58AA1-3241-46D5-88C6-98BA45A772EB}.Debug|Any CPU.Build.0 = Debug|Any CPU
		{71E58AA1-3241-46D5-88C6-98BA45A772EB}.Release|Any CPU.ActiveCfg = Release|Any CPU
		{71E58AA1-3241-46D5-88C6-98BA45A772EB}.Release|Any CPU.Build.0 = Release|Any CPU
		{3A9EEAF9-B13E-48E0-B87B-CCAD06167E1F}.Debug|Any CPU.ActiveCfg = Debug|Any CPU
		{3A9EEAF9-B13E-48E0-B87B-CCAD06167E1F}.Debug|Any CPU.Build.0 = Debug|Any CPU
		{3A9EEAF9-B13E-48E0-B87B-CCAD06167E1F}.Release|Any CPU.ActiveCfg = Release|Any CPU
		{3A9EEAF9-B13E-48E0-B87B-CCAD06167E1F}.Release|Any CPU.Build.0 = Release|Any CPU
	EndGlobalSection
	GlobalSection(SolutionProperties) = preSolution
		HideSolutionNode = FALSE
	EndGlobalSection
	GlobalSection(ExtensibilityGlobals) = postSolution
		SolutionGuid = {E14B05C1-E337-4841-8D3D-A1C491AF3111}
	EndGlobalSection
	GlobalSection(NestedProjects) = preSolution
		{3A9EEAF9-B13E-48E0-B87B-CCAD06167E1F} = {1B5915AE-FCD6-449A-8A13-C5D4DEB2A902}
		{71E58AA1-3241-46D5-88C6-98BA45A772EB} = {1B5915AE-FCD6-449A-8A13-C5D4DEB2A902}
		{EF9204E6-6B90-448D-A973-9DA87DDD8D73} = {1B5915AE-FCD6-449A-8A13-C5D4DEB2A902}
		{60B9EBF8-F8A2-4385-932C-B627AFBDFF53} = {1B5915AE-FCD6-449A-8A13-C5D4DEB2A902}
		{8426EEB3-95CC-40D6-8264-3CBB7A0AB94A} = {A9D432E8-50F9-44FE-8E32-ABC6C712615B}
		{6ABEF2B4-C512-4724-8FFC-72847933910E} = {A9D432E8-50F9-44FE-8E32-ABC6C712615B}
		{89C92CCF-337B-49D2-95DA-CB3B94FFA77E} = {3C5FDFDE-AA61-4C15-97D6-DBFD04E6ADAC}
		{0A95E7B9-1E98-4987-B20C-B506DCE53735} = {3C5FDFDE-AA61-4C15-97D6-DBFD04E6ADAC}
		{1B266FB4-33EA-4BBC-9EFC-8DE6997B4AA7} = {3C5FDFDE-AA61-4C15-97D6-DBFD04E6ADAC}
		{8A776453-4A2E-4866-AE86-B2F5C4ED1B49} = {3C5FDFDE-AA61-4C15-97D6-DBFD04E6ADAC}
		{6BAA9472-6A16-426C-9DCD-27D2D328327B} = {3C5FDFDE-AA61-4C15-97D6-DBFD04E6ADAC}
		{D66278B7-9989-4E37-A5A8-979DECE5EFCD} = {3C5FDFDE-AA61-4C15-97D6-DBFD04E6ADAC}
		{FF78E6CB-55B3-4F68-9691-DA31EACCB200} = {3C5FDFDE-AA61-4C15-97D6-DBFD04E6ADAC}
		{5E0ED147-5AD5-40A2-8E33-0AB26BD457D2} = {3C5FDFDE-AA61-4C15-97D6-DBFD04E6ADAC}
		{48C38292-83F6-4C7C-A84B-62890D6AD74C} = {721A6F56-EC41-4DFB-8AA6-754430CCDA98}
		{88D3B85E-EF2B-4947-9D52-B3EDCD994A24} = {721A6F56-EC41-4DFB-8AA6-754430CCDA98}
		{011DE239-4E2E-49A0-B5D4-405F15655298} = {721A6F56-EC41-4DFB-8AA6-754430CCDA98}
		{DC2CE93E-5086-4840-888A-21F7B7C29790} = {721A6F56-EC41-4DFB-8AA6-754430CCDA98}
		{2BC8C418-409B-4C19-98A5-92A56588EA19} = {721A6F56-EC41-4DFB-8AA6-754430CCDA98}
		{CC960029-6F83-4E33-B5C1-DE58144F8B58} = {721A6F56-EC41-4DFB-8AA6-754430CCDA98}
		{A3DB85D2-FFC2-477C-ACB9-3958970CA45A} = {721A6F56-EC41-4DFB-8AA6-754430CCDA98}
		{6F5F62FC-8E04-4E34-B415-01804FFB4A69} = {721A6F56-EC41-4DFB-8AA6-754430CCDA98}
		{9F4C45D9-BA53-4996-BE8F-A2EB9CF62084} = {721A6F56-EC41-4DFB-8AA6-754430CCDA98}
		{8C1F05E7-0DBB-45E3-928E-45E05D71AA39} = {721A6F56-EC41-4DFB-8AA6-754430CCDA98}
		{DD19E85B-A52D-4552-9A3F-813C59CE7C99} = {721A6F56-EC41-4DFB-8AA6-754430CCDA98}
		{DD19E85B-A52D-4552-9A3F-813C59CE7CC9} = {721A6F56-EC41-4DFB-8AA6-754430CCDA98}
		{C905B6C3-9C16-41CF-8C50-1A05E88BD47B} = {32F1A0BC-7D35-4121-BA56-C32A65FAEA23}
		{7BE90127-AB31-44A8-9C6A-9AAB50C1C35D} = {32F1A0BC-7D35-4121-BA56-C32A65FAEA23}
		{2C393D2E-C316-4431-935D-BB9EFA67916E} = {32F1A0BC-7D35-4121-BA56-C32A65FAEA23}
		{568B9305-6112-4054-AEA3-1A3C6AA6F661} = {32F1A0BC-7D35-4121-BA56-C32A65FAEA23}
		{62E8DB6A-0B09-4A15-82C7-1AC8C9B5293E} = {32F1A0BC-7D35-4121-BA56-C32A65FAEA23}
		{BB49438E-3A05-437E-AEAD-8489B8906A17} = {32F1A0BC-7D35-4121-BA56-C32A65FAEA23}
		{91FBA65A-6B43-4225-84FC-D684F7E0CA4D} = {32F1A0BC-7D35-4121-BA56-C32A65FAEA23}
		{F969C4FD-73D5-4C2C-AA2E-C38BE0961DA8} = {32F1A0BC-7D35-4121-BA56-C32A65FAEA23}
		{38405A55-26FF-4743-A620-34AB4FCF964C} = {32F1A0BC-7D35-4121-BA56-C32A65FAEA23}
		{5ED06ED0-19C3-49F2-8199-734E6FD9492A} = {32F1A0BC-7D35-4121-BA56-C32A65FAEA23}
		{A7832F87-DD6A-4575-8F0C-9172191813CB} = {32F1A0BC-7D35-4121-BA56-C32A65FAEA23}
		{8B354215-904D-4592-A868-356E1B47F309} = {32F1A0BC-7D35-4121-BA56-C32A65FAEA23}
		{34711B4D-8690-44C5-B1CE-80A25B022834} = {96107D76-1D43-4DF1-BB60-BE8D4363E8A0}
		{009731E8-1020-4A51-9D86-D65CF3182906} = {96107D76-1D43-4DF1-BB60-BE8D4363E8A0}
		{137BCDAE-2A81-4C51-9F20-A2C4F636A51C} = {96107D76-1D43-4DF1-BB60-BE8D4363E8A0}
		{5BB9393A-85FC-4B1E-9C4F-1783A0244905} = {5383A5FC-FAF3-4BE3-B6E5-A1492C17189D}
		{23C7E607-EF8D-4256-BC12-6B4B6C5E4845} = {5383A5FC-FAF3-4BE3-B6E5-A1492C17189D}
		{858B4BC7-12BA-4B06-BCFD-11CC8FFEA51C} = {5383A5FC-FAF3-4BE3-B6E5-A1492C17189D}
		{141DDFBC-7036-44AD-840B-880F59E53976} = {5383A5FC-FAF3-4BE3-B6E5-A1492C17189D}
		{2E936E69-A5A8-4BD9-9090-9F44D17149B2} = {5383A5FC-FAF3-4BE3-B6E5-A1492C17189D}
		{0B3425CF-C86C-4EBF-99A1-0DD792A1D860} = {5383A5FC-FAF3-4BE3-B6E5-A1492C17189D}
		{3B3EE61A-B62D-4C65-8E6E-0172D9D51894} = {5383A5FC-FAF3-4BE3-B6E5-A1492C17189D}
		{1A5348A9-1091-48C6-882F-9C716D1500F3} = {5383A5FC-FAF3-4BE3-B6E5-A1492C17189D}
		{B7619208-57F4-450D-ACB5-944C620F8014} = {AB302365-1D50-4736-B69B-99DDEFC88AB2}
		{AE33ED07-D0C0-482C-B2AA-B6F614D7C737} = {AB302365-1D50-4736-B69B-99DDEFC88AB2}
		{CE2E9C75-7473-4C12-8145-AF5A74C38539} = {AB302365-1D50-4736-B69B-99DDEFC88AB2}
		{DE83B30F-091A-4CC8-9536-AF8071D4410A} = {AB302365-1D50-4736-B69B-99DDEFC88AB2}
		{C7CEB8BD-741B-407D-A36E-EAA7D30D9520} = {AB302365-1D50-4736-B69B-99DDEFC88AB2}
		{5DC72D0F-9A26-462B-99B2-6402B9AEDEC6} = {AB302365-1D50-4736-B69B-99DDEFC88AB2}
		{4CD46154-5E17-4E99-A206-D53A402B5BF4} = {AB302365-1D50-4736-B69B-99DDEFC88AB2}
		{88024874-4D0E-4FC4-BDA4-8F6E54B06F3B} = {AB302365-1D50-4736-B69B-99DDEFC88AB2}
		{F1013012-503D-41F2-85C7-C269D2009AB6} = {C5BF222A-90CE-41C9-8154-91455792E234}
		{F3CBBF33-2F2C-43B0-9C9F-3C88ECD63697} = {C5BF222A-90CE-41C9-8154-91455792E234}
		{04F767ED-A8CF-4F51-B2F4-4D943A3AB2A2} = {C5BF222A-90CE-41C9-8154-91455792E234}
		{278BD9F1-48C1-44C2-936C-A04D0F738FC2} = {AA57602D-6E76-4ECF-8E59-EB7492E262F0}
		{694B37C6-9905-471B-8D8C-F74610AAEC4B} = {AA57602D-6E76-4ECF-8E59-EB7492E262F0}
		{DB889E5C-ABBD-490B-926C-A370A3102B7D} = {AA57602D-6E76-4ECF-8E59-EB7492E262F0}
		{4292AEA1-A45F-4049-966A-1151960104D7} = {787BC5A1-2582-4367-8840-28C82C149666}
		{C04766D5-95BB-44E0-BA42-F25378849A86} = {AA57602D-6E76-4ECF-8E59-EB7492E262F0}
		{2AC863A5-243E-49B2-BE3F-EB0B39951955} = {AA57602D-6E76-4ECF-8E59-EB7492E262F0}
		{47C3BB8E-6D01-4C10-984F-C7C5D956C52D} = {AA57602D-6E76-4ECF-8E59-EB7492E262F0}
		{9F0AEDC1-4039-43FF-9166-283D74C9A285} = {AA57602D-6E76-4ECF-8E59-EB7492E262F0}
		{7C1DC2D0-3516-4E06-90D3-3B9A963A6055} = {AA57602D-6E76-4ECF-8E59-EB7492E262F0}
		{3B160DC7-42B5-4383-8CB3-85D6B37DF8D3} = {AA57602D-6E76-4ECF-8E59-EB7492E262F0}
		{3EB79FB0-3423-49D0-B025-647D0738B4C5} = {AA57602D-6E76-4ECF-8E59-EB7492E262F0}
		{5F62DEE6-8894-41E3-B715-1D0E54A04BB6} = {CF0E515D-1D6E-4B9C-A73F-F6511E91C3DF}
		{2FFAC80F-90BD-4527-A691-8819C46A9B07} = {CF0E515D-1D6E-4B9C-A73F-F6511E91C3DF}
		{1108499F-B321-4BD9-A25C-2542A940D660} = {CF0E515D-1D6E-4B9C-A73F-F6511E91C3DF}
		{318DC812-91E1-41E5-BF74-30E195814654} = {CF0E515D-1D6E-4B9C-A73F-F6511E91C3DF}
		{6DC08F1A-3082-4C76-8846-D8F234DF4C63} = {CF0E515D-1D6E-4B9C-A73F-F6511E91C3DF}
		{DE1D1E9B-C823-42C1-8712-5F4DB2481AD9} = {CF0E515D-1D6E-4B9C-A73F-F6511E91C3DF}
		{4DD3EE89-A268-4E16-87E3-A122C86D57D8} = {CF0E515D-1D6E-4B9C-A73F-F6511E91C3DF}
		{E4E0CD4D-8EF7-4FF7-A849-4C075904DB61} = {E4E0CD4D-8EF7-4FF7-A849-4C075904DB61}
		{FE7C95E2-5373-4D0D-8813-14D9A52C262B} = {FE7C95E2-5373-4D0D-8813-14D9A52C262B}
		{609FA989-9436-4FCA-ACD9-EA5ACF947729} = {609FA989-9436-4FCA-ACD9-EA5ACF947729}
		{A0E7E955-9405-48D6-BB20-56F1516604F6} = {CF0E515D-1D6E-4B9C-A73F-F6511E91C3DF}
		{5652C394-BAE8-4A4F-B6AA-AD1BA7963415} = {B8D93579-3241-4866-B7E4-430D616DD8A3}
		{EBE3BCE5-A94B-4D98-8EDD-1D3DC3839381} = {B8D93579-3241-4866-B7E4-430D616DD8A3}
		{4E241599-9BAE-467E-9100-53335D6BD9FE} = {B8D93579-3241-4866-B7E4-430D616DD8A3}
		{FD157FF6-7D5B-4204-B39F-CD43863C8D52} = {B8D93579-3241-4866-B7E4-430D616DD8A3}
		{4AFC432F-DEBC-4E14-811D-2C829191A800} = {EB03BB6B-DA16-4987-B956-2BB6A2D00FFA}
		{4EEC4666-D1AA-4F18-B4B5-2667506C3AF9} = {EB03BB6B-DA16-4987-B956-2BB6A2D00FFA}
		{8E63D7BE-AAEE-4A1F-84EC-9C8CF7E4C407} = {EB03BB6B-DA16-4987-B956-2BB6A2D00FFA}
		{5AC1F781-55C0-41D2-8856-C32494BFAE15} = {B8D93579-3241-4866-B7E4-430D616DD8A3}
		{3FE5AD6D-09DB-4CFE-8465-50E70F2D17E5} = {EB03BB6B-DA16-4987-B956-2BB6A2D00FFA}
		{F3B26F1A-A8C8-40C5-B99A-2D27E5F88DDE} = {EB03BB6B-DA16-4987-B956-2BB6A2D00FFA}
		{17D510A5-E21F-427B-804A-533597046484} = {B8D93579-3241-4866-B7E4-430D616DD8A3}
		{E6CCCE1B-AF1E-4DA7-958F-528DD2976550} = {B8D93579-3241-4866-B7E4-430D616DD8A3}
		{AFDF6754-6F0C-4E62-B268-58EACA7ADF22} = {FE7C95E2-5373-4D0D-8813-14D9A52C262B}
		{9318940F-C832-44F8-B7FF-2046372B95BD} = {FE7C95E2-5373-4D0D-8813-14D9A52C262B}
		{552C3DB4-85DD-4CFC-9BFF-21BB00AE92CD} = {FE7C95E2-5373-4D0D-8813-14D9A52C262B}
		{4F501E0C-424E-4591-9B07-1C2E72736426} = {FE7C95E2-5373-4D0D-8813-14D9A52C262B}
		{3C1997E0-4D7C-4570-A012-6648F7E52380} = {E4E0CD4D-8EF7-4FF7-A849-4C075904DB61}
		{C1B35796-8685-405B-99B6-053BB133AB29} = {E4E0CD4D-8EF7-4FF7-A849-4C075904DB61}
		{C5B1E9F0-84D8-4752-936D-1C33931F6025} = {E4E0CD4D-8EF7-4FF7-A849-4C075904DB61}
		{920DB3F1-C9E7-40D3-B021-9ABD437E25C2} = {E4E0CD4D-8EF7-4FF7-A849-4C075904DB61}
		{E50096E0-A554-44F5-B9E7-14338D26919F} = {E4E0CD4D-8EF7-4FF7-A849-4C075904DB61}
		{10F0FE78-039E-41EC-B225-D1FA20AEF51C} = {E4E0CD4D-8EF7-4FF7-A849-4C075904DB61}
		{EC5A5CD4-A76A-45B5-82FB-CAABB4C4609A} = {E4E0CD4D-8EF7-4FF7-A849-4C075904DB61}
		{A79F9448-FF56-4864-B40E-D674068D0B7C} = {E4E0CD4D-8EF7-4FF7-A849-4C075904DB61}
		{606C70E1-20CA-4ED0-B24D-FF1A7CB89727} = {787BC5A1-2582-4367-8840-28C82C149666}
		{483E85C8-A70E-4C13-9F25-A90FAD48E4F8} = {787BC5A1-2582-4367-8840-28C82C149666}
		{84B87619-ED99-4D12-8714-DB9EA94398E6} = {787BC5A1-2582-4367-8840-28C82C149666}
		{DFBC3583-49A7-4065-B611-FE8CC27075AA} = {BA420975-F251-4824-B521-5CFAA315168D}
		{B3E23D1E-0FC5-4EC3-B457-AA986C7A3E26} = {BA420975-F251-4824-B521-5CFAA315168D}
		{30069020-03D0-4F0F-AB4A-DE943D850F8B} = {BA420975-F251-4824-B521-5CFAA315168D}
		{1B073F50-0AE7-4FD1-9A6F-685B1940F70E} = {BA420975-F251-4824-B521-5CFAA315168D}
		{5578B1B9-E285-4808-ACEC-E1DC0E2C66C6} = {D8A7AF47-FD48-4079-8EDB-A8A4F2226EC8}
		{7F3DC8B6-97BB-4755-8064-7088005752EA} = {D8A7AF47-FD48-4079-8EDB-A8A4F2226EC8}
		{07A1D879-FEC9-4214-AF63-252B1489FE61} = {D8A7AF47-FD48-4079-8EDB-A8A4F2226EC8}
		{14D59C92-79A1-4ED5-B7A9-EA161DDC0EF7} = {D8A7AF47-FD48-4079-8EDB-A8A4F2226EC8}
		{B831E0D4-29D6-40EC-96EC-B872330E6B3E} = {D8A7AF47-FD48-4079-8EDB-A8A4F2226EC8}
	EndGlobalSection
EndGlobal
