
Microsoft Visual Studio Solution File, Format Version 12.00
# Visual Studio Version 17
VisualStudioVersion = 17.5.002.0
MinimumVisualStudioVersion = 10.0.40219.1
Project("{9A19103F-16F7-4668-BE54-9A1E7A4F7556}") = "First_Project", "First_Project\First_Project.csproj", "{B831E0D4-29D6-40EC-96EC-B872330E6B3E}"
EndProject
Project("{FAE04EC0-301F-11D3-BF4B-00C04F79EFBC}") = "Second_Project", "Second_Project\Second_Project.csproj", "{14D59C92-79A1-4ED5-B7A9-EA161DDC0EF7}"
EndProject
Project("{FAE04EC0-301F-11D3-BF4B-00C04F79EFBC}") = "Third_Project", "Third_Project\Third_Project.csproj", "{07A1D879-FEC9-4214-AF63-252B1489FE61}"
EndProject
Project("{2150E333-8FDC-42A3-9474-1A3956D46DE8}") = "DAY 1", "DAY 1", "{D8A7AF47-FD48-4079-8EDB-A8A4F2226EC8}"
EndProject
Project("{FAE04EC0-301F-11D3-BF4B-00C04F79EFBC}") = "Forth_Project", "Forth_Project\Forth_Project.csproj", "{7F3DC8B6-97BB-4755-8064-7088005752EA}"
EndProject
Project("{FAE04EC0-301F-11D3-BF4B-00C04F79EFBC}") = "Class_Diagram", "Class_Diagram\Class_Diagram.csproj", "{5578B1B9-E285-4808-ACEC-E1DC0E2C66C6}"
EndProject
Project("{2150E333-8FDC-42A3-9474-1A3956D46DE8}") = "DAY 2", "DAY 2", "{BA420975-F251-4824-B521-5CFAA315168D}"
EndProject
Project("{FAE04EC0-301F-11D3-BF4B-00C04F79EFBC}") = "ClassStructure", "ClassStructure\ClassStructure.csproj", "{1B073F50-0AE7-4FD1-9A6F-685B1940F70E}"
EndProject
Project("{FAE04EC0-301F-11D3-BF4B-00C04F79EFBC}") = "CalculatorApp", "CalculatorApp\CalculatorApp.csproj", "{30069020-03D0-4F0F-AB4A-DE943D850F8B}"
EndProject
Project("{FAE04EC0-301F-11D3-BF4B-00C04F79EFBC}") = "Constructor", "Constructor\Constructor.csproj", "{B3E23D1E-0FC5-4EC3-B457-AA986C7A3E26}"
EndProject
Project("{FAE04EC0-301F-11D3-BF4B-00C04F79EFBC}") = "Composition", "Composition\Composition.csproj", "{DFBC3583-49A7-4065-B611-FE8CC27075AA}"
EndProject
Project("{2150E333-8FDC-42A3-9474-1A3956D46DE8}") = "DAY 3", "DAY 3", "{787BC5A1-2582-4367-8840-28C82C149666}"
EndProject
Project("{FAE04EC0-301F-11D3-BF4B-00C04F79EFBC}") = "Composition2", "Composition2\Composition2.csproj", "{84B87619-ED99-4D12-8714-DB9EA94398E6}"
EndProject
Project("{FAE04EC0-301F-11D3-BF4B-00C04F79EFBC}") = "Inheritance", "Inheritance\Inheritance.csproj", "{483E85C8-A70E-4C13-9F25-A90FAD48E4F8}"
EndProject
Project("{FAE04EC0-301F-11D3-BF4B-00C04F79EFBC}") = "InheritanceComposition", "InheritanceComposition\InheritanceComposition.csproj", "{606C70E1-20CA-4ED0-B24D-FF1A7CB89727}"
EndProject
Project("{2150E333-8FDC-42A3-9474-1A3956D46DE8}") = "DAY 4", "DAY 4", "{E4E0CD4D-8EF7-4FF7-A849-4C075904DB61}"
EndProject
Project("{FAE04EC0-301F-11D3-BF4B-00C04F79EFBC}") = "Encapsulation", "Encapsulation\Encapsulation.csproj", "{A79F9448-FF56-4864-B40E-D674068D0B7C}"
EndProject
Project("{FAE04EC0-301F-11D3-BF4B-00C04F79EFBC}") = "QuestionTest", "QuestionTest\QuestionTest.csproj", "{EC5A5CD4-A76A-45B5-82FB-CAABB4C4609A}"
EndProject
Project("{FAE04EC0-301F-11D3-BF4B-00C04F79EFBC}") = "A_Internal_Encapsulation", "A_Internal_Encapsulation\A_Internal_Encapsulation.csproj", "{10F0FE78-039E-41EC-B225-D1FA20AEF51C}"
EndProject
Project("{FAE04EC0-301F-11D3-BF4B-00C04F79EFBC}") = "B_Internal_Encapsulation", "B_Internal_Encapsulation\B_Internal_Encapsulation.csproj", "{E50096E0-A554-44F5-B9E7-14338D26919F}"
EndProject
Project("{FAE04EC0-301F-11D3-BF4B-00C04F79EFBC}") = "EncapsulationDefault", "EncapsulationDefault\EncapsulationDefault.csproj", "{920DB3F1-C9E7-40D3-B021-9ABD437E25C2}"
EndProject
Project("{FAE04EC0-301F-11D3-BF4B-00C04F79EFBC}") = "PolymorphysmOveriding", "PolymorphysmOveriding\PolymorphysmOveriding.csproj", "{C5B1E9F0-84D8-4752-936D-1C33931F6025}"
EndProject
Project("{FAE04EC0-301F-11D3-BF4B-00C04F79EFBC}") = "PolymorphysmOverloading", "PolymorphysmOverloading\PolymorphysmOverloading.csproj", "{C1B35796-8685-405B-99B6-053BB133AB29}"
EndProject
Project("{FAE04EC0-301F-11D3-BF4B-00C04F79EFBC}") = "UnlimitedParams", "UnlimitedParams\UnlimitedParams.csproj", "{3C1997E0-4D7C-4570-A012-6648F7E52380}"
EndProject
Project("{2150E333-8FDC-42A3-9474-1A3956D46DE8}") = "DAY 5", "DAY 5", "{FE7C95E2-5373-4D0D-8813-14D9A52C262B}"
EndProject
Project("{FAE04EC0-301F-11D3-BF4B-00C04F79EFBC}") = "A_ValueAndReferenceType", "A_ValueAndReferenceType\A_ValueAndReferenceType.csproj", "{4F501E0C-424E-4591-9B07-1C2E72736426}"
EndProject
Project("{FAE04EC0-301F-11D3-BF4B-00C04F79EFBC}") = "B_AbstractProject", "B_AbstractProject\B_AbstractProject.csproj", "{552C3DB4-85DD-4CFC-9BFF-21BB00AE92CD}"
EndProject
Project("{FAE04EC0-301F-11D3-BF4B-00C04F79EFBC}") = "C_Interface", "C_Interface\C_Interface.csproj", "{9318940F-C832-44F8-B7FF-2046372B95BD}"
EndProject
Project("{FAE04EC0-301F-11D3-BF4B-00C04F79EFBC}") = "Excercise.cs", "Excercise.cs\Excercise.cs.csproj", "{AFDF6754-6F0C-4E62-B268-58EACA7ADF22}"
EndProject
Project("{2150E333-8FDC-42A3-9474-1A3956D46DE8}") = "DAY 6", "DAY 6", "{B8D93579-3241-4866-B7E4-430D616DD8A3}"
EndProject
Project("{FAE04EC0-301F-11D3-BF4B-00C04F79EFBC}") = "PropertiesProject", "PropertiesProject\PropertiesProject.csproj", "{E6CCCE1B-AF1E-4DA7-958F-528DD2976550}"
EndProject
Project("{FAE04EC0-301F-11D3-BF4B-00C04F79EFBC}") = "Latihan.cs", "Latihan.cs\Latihan.cs.csproj", "{17D510A5-E21F-427B-804A-533597046484}"
EndProject
Project("{FAE04EC0-301F-11D3-BF4B-00C04F79EFBC}") = "StaticProject", "StaticProject\StaticProject.csproj", "{F3B26F1A-A8C8-40C5-B99A-2D27E5F88DDE}"
EndProject
Project("{FAE04EC0-301F-11D3-BF4B-00C04F79EFBC}") = "TypeChecker", "TypeChecker\TypeChecker.csproj", "{3FE5AD6D-09DB-4CFE-8465-50E70F2D17E5}"
EndProject
Project("{FAE04EC0-301F-11D3-BF4B-00C04F79EFBC}") = "PatternMatching", "PatternMatching\PatternMatching.csproj", "{5AC1F781-55C0-41D2-8856-C32494BFAE15}"
EndProject
Project("{FAE04EC0-301F-11D3-BF4B-00C04F79EFBC}") = "ValueType", "ValueType\ValueType.csproj", "{4AFC432F-DEBC-4E14-811D-2C829191A800}"
EndProject
Project("{FAE04EC0-301F-11D3-BF4B-00C04F79EFBC}") = "ReferenceType", "ReferenceType\ReferenceType.csproj", "{8E63D7BE-AAEE-4A1F-84EC-9C8CF7E4C407}"
EndProject
Project("{FAE04EC0-301F-11D3-BF4B-00C04F79EFBC}") = "ValueInsideReference", "ValueInsideReference\ValueInsideReference.csproj", "{4EEC4666-D1AA-4F18-B4B5-2667506C3AF9}"
EndProject
Project("{FAE04EC0-301F-11D3-BF4B-00C04F79EFBC}") = "Ref", "Ref\Ref.csproj", "{EBE3BCE5-A94B-4D98-8EDD-1D3DC3839381}"
EndProject
Project("{FAE04EC0-301F-11D3-BF4B-00C04F79EFBC}") = "Out", "Out\Out.csproj", "{4E241599-9BAE-467E-9100-53335D6BD9FE}"
EndProject
Project("{FAE04EC0-301F-11D3-BF4B-00C04F79EFBC}") = "In", "In\In.csproj", "{FD157FF6-7D5B-4204-B39F-CD43863C8D52}"
EndProject
Project("{FAE04EC0-301F-11D3-BF4B-00C04F79EFBC}") = "FooBar", "FooBar\FooBar.csproj", "{5652C394-BAE8-4A4F-B6AA-AD1BA7963415}"
EndProject
Project("{2150E333-8FDC-42A3-9474-1A3956D46DE8}") = "DAY 7", "DAY 7", "{CF0E515D-1D6E-4B9C-A73F-F6511E91C3DF}"
EndProject
Project("{FAE04EC0-301F-11D3-BF4B-00C04F79EFBC}") = "A_Generic", "A_Generic\A_Generic.csproj", "{A0E7E955-9405-48D6-BB20-56F1516604F6}"
EndProject
Project("{FAE04EC0-301F-11D3-BF4B-00C04F79EFBC}") = "CalculatorGenericAdd", "CalculatorGeneric\CalculatorGeneric.csproj", "{609FA989-9436-4FCA-ACD9-EA5ACF947729}"
EndProject
Project("{2150E333-8FDC-42A3-9474-1A3956D46DE8}") = "DAY 4", "DAY 4", "{4292AEA1-A45F-4049-966A-1151960104D7}"
EndProject
Project("{2150E333-8FDC-42A3-9474-1A3956D46DE8}") = "DAY 5", "DAY 5", "{EB03BB6B-DA16-4987-B956-2BB6A2D00FFA}"
EndProject
Project("{FAE04EC0-301F-11D3-BF4B-00C04F79EFBC}") = "CalculatorGenericNumber", "CalculatorGenericNumber\CalculatorGenericNumber.csproj", "{4DD3EE89-A268-4E16-87E3-A122C86D57D8}"
EndProject
Project("{FAE04EC0-301F-11D3-BF4B-00C04F79EFBC}") = "B_CalculatorGenericNumber", "B_CalculatorGenericNumber\B_CalculatorGenericNumber.csproj", "{DE1D1E9B-C823-42C1-8712-5F4DB2481AD9}"
EndProject
Project("{FAE04EC0-301F-11D3-BF4B-00C04F79EFBC}") = "OperatorOverloading", "OperatorOverloading\OperatorOverloading.csproj", "{6DC08F1A-3082-4C76-8846-D8F234DF4C63}"
EndProject
Project("{FAE04EC0-301F-11D3-BF4B-00C04F79EFBC}") = "B_OperatorOverloading", "B_OperatorOverloading\B_OperatorOverloading.csproj", "{318DC812-91E1-41E5-BF74-30E195814654}"
EndProject
Global
	GlobalSection(SolutionConfigurationPlatforms) = preSolution
		Debug|Any CPU = Debug|Any CPU
		Release|Any CPU = Release|Any CPU
	EndGlobalSection
	GlobalSection(ProjectConfigurationPlatforms) = postSolution
		{B831E0D4-29D6-40EC-96EC-B872330E6B3E}.Debug|Any CPU.ActiveCfg = Debug|Any CPU
		{B831E0D4-29D6-40EC-96EC-B872330E6B3E}.Debug|Any CPU.Build.0 = Debug|Any CPU
		{B831E0D4-29D6-40EC-96EC-B872330E6B3E}.Release|Any CPU.ActiveCfg = Release|Any CPU
		{B831E0D4-29D6-40EC-96EC-B872330E6B3E}.Release|Any CPU.Build.0 = Release|Any CPU
		{14D59C92-79A1-4ED5-B7A9-EA161DDC0EF7}.Debug|Any CPU.ActiveCfg = Debug|Any CPU
		{14D59C92-79A1-4ED5-B7A9-EA161DDC0EF7}.Debug|Any CPU.Build.0 = Debug|Any CPU
		{14D59C92-79A1-4ED5-B7A9-EA161DDC0EF7}.Release|Any CPU.ActiveCfg = Release|Any CPU
		{14D59C92-79A1-4ED5-B7A9-EA161DDC0EF7}.Release|Any CPU.Build.0 = Release|Any CPU
		{07A1D879-FEC9-4214-AF63-252B1489FE61}.Debug|Any CPU.ActiveCfg = Debug|Any CPU
		{07A1D879-FEC9-4214-AF63-252B1489FE61}.Debug|Any CPU.Build.0 = Debug|Any CPU
		{07A1D879-FEC9-4214-AF63-252B1489FE61}.Release|Any CPU.ActiveCfg = Release|Any CPU
		{07A1D879-FEC9-4214-AF63-252B1489FE61}.Release|Any CPU.Build.0 = Release|Any CPU
		{7F3DC8B6-97BB-4755-8064-7088005752EA}.Debug|Any CPU.ActiveCfg = Debug|Any CPU
		{7F3DC8B6-97BB-4755-8064-7088005752EA}.Debug|Any CPU.Build.0 = Debug|Any CPU
		{7F3DC8B6-97BB-4755-8064-7088005752EA}.Release|Any CPU.ActiveCfg = Release|Any CPU
		{7F3DC8B6-97BB-4755-8064-7088005752EA}.Release|Any CPU.Build.0 = Release|Any CPU
		{5578B1B9-E285-4808-ACEC-E1DC0E2C66C6}.Debug|Any CPU.ActiveCfg = Debug|Any CPU
		{5578B1B9-E285-4808-ACEC-E1DC0E2C66C6}.Debug|Any CPU.Build.0 = Debug|Any CPU
		{5578B1B9-E285-4808-ACEC-E1DC0E2C66C6}.Release|Any CPU.ActiveCfg = Release|Any CPU
		{5578B1B9-E285-4808-ACEC-E1DC0E2C66C6}.Release|Any CPU.Build.0 = Release|Any CPU
		{1B073F50-0AE7-4FD1-9A6F-685B1940F70E}.Debug|Any CPU.ActiveCfg = Debug|Any CPU
		{1B073F50-0AE7-4FD1-9A6F-685B1940F70E}.Debug|Any CPU.Build.0 = Debug|Any CPU
		{1B073F50-0AE7-4FD1-9A6F-685B1940F70E}.Release|Any CPU.ActiveCfg = Release|Any CPU
		{1B073F50-0AE7-4FD1-9A6F-685B1940F70E}.Release|Any CPU.Build.0 = Release|Any CPU
		{30069020-03D0-4F0F-AB4A-DE943D850F8B}.Debug|Any CPU.ActiveCfg = Debug|Any CPU
		{30069020-03D0-4F0F-AB4A-DE943D850F8B}.Debug|Any CPU.Build.0 = Debug|Any CPU
		{30069020-03D0-4F0F-AB4A-DE943D850F8B}.Release|Any CPU.ActiveCfg = Release|Any CPU
		{30069020-03D0-4F0F-AB4A-DE943D850F8B}.Release|Any CPU.Build.0 = Release|Any CPU
		{B3E23D1E-0FC5-4EC3-B457-AA986C7A3E26}.Debug|Any CPU.ActiveCfg = Debug|Any CPU
		{B3E23D1E-0FC5-4EC3-B457-AA986C7A3E26}.Debug|Any CPU.Build.0 = Debug|Any CPU
		{B3E23D1E-0FC5-4EC3-B457-AA986C7A3E26}.Release|Any CPU.ActiveCfg = Release|Any CPU
		{B3E23D1E-0FC5-4EC3-B457-AA986C7A3E26}.Release|Any CPU.Build.0 = Release|Any CPU
		{DFBC3583-49A7-4065-B611-FE8CC27075AA}.Debug|Any CPU.ActiveCfg = Debug|Any CPU
		{DFBC3583-49A7-4065-B611-FE8CC27075AA}.Debug|Any CPU.Build.0 = Debug|Any CPU
		{DFBC3583-49A7-4065-B611-FE8CC27075AA}.Release|Any CPU.ActiveCfg = Release|Any CPU
		{DFBC3583-49A7-4065-B611-FE8CC27075AA}.Release|Any CPU.Build.0 = Release|Any CPU
		{84B87619-ED99-4D12-8714-DB9EA94398E6}.Debug|Any CPU.ActiveCfg = Debug|Any CPU
		{84B87619-ED99-4D12-8714-DB9EA94398E6}.Debug|Any CPU.Build.0 = Debug|Any CPU
		{84B87619-ED99-4D12-8714-DB9EA94398E6}.Release|Any CPU.ActiveCfg = Release|Any CPU
		{84B87619-ED99-4D12-8714-DB9EA94398E6}.Release|Any CPU.Build.0 = Release|Any CPU
		{483E85C8-A70E-4C13-9F25-A90FAD48E4F8}.Debug|Any CPU.ActiveCfg = Debug|Any CPU
		{483E85C8-A70E-4C13-9F25-A90FAD48E4F8}.Debug|Any CPU.Build.0 = Debug|Any CPU
		{483E85C8-A70E-4C13-9F25-A90FAD48E4F8}.Release|Any CPU.ActiveCfg = Release|Any CPU
		{483E85C8-A70E-4C13-9F25-A90FAD48E4F8}.Release|Any CPU.Build.0 = Release|Any CPU
		{606C70E1-20CA-4ED0-B24D-FF1A7CB89727}.Debug|Any CPU.ActiveCfg = Debug|Any CPU
		{606C70E1-20CA-4ED0-B24D-FF1A7CB89727}.Debug|Any CPU.Build.0 = Debug|Any CPU
		{606C70E1-20CA-4ED0-B24D-FF1A7CB89727}.Release|Any CPU.ActiveCfg = Release|Any CPU
		{606C70E1-20CA-4ED0-B24D-FF1A7CB89727}.Release|Any CPU.Build.0 = Release|Any CPU
		{A79F9448-FF56-4864-B40E-D674068D0B7C}.Debug|Any CPU.ActiveCfg = Debug|Any CPU
		{A79F9448-FF56-4864-B40E-D674068D0B7C}.Debug|Any CPU.Build.0 = Debug|Any CPU
		{A79F9448-FF56-4864-B40E-D674068D0B7C}.Release|Any CPU.ActiveCfg = Release|Any CPU
		{A79F9448-FF56-4864-B40E-D674068D0B7C}.Release|Any CPU.Build.0 = Release|Any CPU
		{EC5A5CD4-A76A-45B5-82FB-CAABB4C4609A}.Debug|Any CPU.ActiveCfg = Debug|Any CPU
		{EC5A5CD4-A76A-45B5-82FB-CAABB4C4609A}.Debug|Any CPU.Build.0 = Debug|Any CPU
		{EC5A5CD4-A76A-45B5-82FB-CAABB4C4609A}.Release|Any CPU.ActiveCfg = Release|Any CPU
		{EC5A5CD4-A76A-45B5-82FB-CAABB4C4609A}.Release|Any CPU.Build.0 = Release|Any CPU
		{10F0FE78-039E-41EC-B225-D1FA20AEF51C}.Debug|Any CPU.ActiveCfg = Debug|Any CPU
		{10F0FE78-039E-41EC-B225-D1FA20AEF51C}.Debug|Any CPU.Build.0 = Debug|Any CPU
		{10F0FE78-039E-41EC-B225-D1FA20AEF51C}.Release|Any CPU.ActiveCfg = Release|Any CPU
		{10F0FE78-039E-41EC-B225-D1FA20AEF51C}.Release|Any CPU.Build.0 = Release|Any CPU
		{E50096E0-A554-44F5-B9E7-14338D26919F}.Debug|Any CPU.ActiveCfg = Debug|Any CPU
		{E50096E0-A554-44F5-B9E7-14338D26919F}.Debug|Any CPU.Build.0 = Debug|Any CPU
		{E50096E0-A554-44F5-B9E7-14338D26919F}.Release|Any CPU.ActiveCfg = Release|Any CPU
		{E50096E0-A554-44F5-B9E7-14338D26919F}.Release|Any CPU.Build.0 = Release|Any CPU
		{920DB3F1-C9E7-40D3-B021-9ABD437E25C2}.Debug|Any CPU.ActiveCfg = Debug|Any CPU
		{920DB3F1-C9E7-40D3-B021-9ABD437E25C2}.Debug|Any CPU.Build.0 = Debug|Any CPU
		{920DB3F1-C9E7-40D3-B021-9ABD437E25C2}.Release|Any CPU.ActiveCfg = Release|Any CPU
		{920DB3F1-C9E7-40D3-B021-9ABD437E25C2}.Release|Any CPU.Build.0 = Release|Any CPU
		{C5B1E9F0-84D8-4752-936D-1C33931F6025}.Debug|Any CPU.ActiveCfg = Debug|Any CPU
		{C5B1E9F0-84D8-4752-936D-1C33931F6025}.Debug|Any CPU.Build.0 = Debug|Any CPU
		{C5B1E9F0-84D8-4752-936D-1C33931F6025}.Release|Any CPU.ActiveCfg = Release|Any CPU
		{C5B1E9F0-84D8-4752-936D-1C33931F6025}.Release|Any CPU.Build.0 = Release|Any CPU
		{C1B35796-8685-405B-99B6-053BB133AB29}.Debug|Any CPU.ActiveCfg = Debug|Any CPU
		{C1B35796-8685-405B-99B6-053BB133AB29}.Debug|Any CPU.Build.0 = Debug|Any CPU
		{C1B35796-8685-405B-99B6-053BB133AB29}.Release|Any CPU.ActiveCfg = Release|Any CPU
		{C1B35796-8685-405B-99B6-053BB133AB29}.Release|Any CPU.Build.0 = Release|Any CPU
		{3C1997E0-4D7C-4570-A012-6648F7E52380}.Debug|Any CPU.ActiveCfg = Debug|Any CPU
		{3C1997E0-4D7C-4570-A012-6648F7E52380}.Debug|Any CPU.Build.0 = Debug|Any CPU
		{3C1997E0-4D7C-4570-A012-6648F7E52380}.Release|Any CPU.ActiveCfg = Release|Any CPU
		{3C1997E0-4D7C-4570-A012-6648F7E52380}.Release|Any CPU.Build.0 = Release|Any CPU
		{4F501E0C-424E-4591-9B07-1C2E72736426}.Debug|Any CPU.ActiveCfg = Debug|Any CPU
		{4F501E0C-424E-4591-9B07-1C2E72736426}.Debug|Any CPU.Build.0 = Debug|Any CPU
		{4F501E0C-424E-4591-9B07-1C2E72736426}.Release|Any CPU.ActiveCfg = Release|Any CPU
		{4F501E0C-424E-4591-9B07-1C2E72736426}.Release|Any CPU.Build.0 = Release|Any CPU
		{552C3DB4-85DD-4CFC-9BFF-21BB00AE92CD}.Debug|Any CPU.ActiveCfg = Debug|Any CPU
		{552C3DB4-85DD-4CFC-9BFF-21BB00AE92CD}.Debug|Any CPU.Build.0 = Debug|Any CPU
		{552C3DB4-85DD-4CFC-9BFF-21BB00AE92CD}.Release|Any CPU.ActiveCfg = Release|Any CPU
		{552C3DB4-85DD-4CFC-9BFF-21BB00AE92CD}.Release|Any CPU.Build.0 = Release|Any CPU
		{9318940F-C832-44F8-B7FF-2046372B95BD}.Debug|Any CPU.ActiveCfg = Debug|Any CPU
		{9318940F-C832-44F8-B7FF-2046372B95BD}.Debug|Any CPU.Build.0 = Debug|Any CPU
		{9318940F-C832-44F8-B7FF-2046372B95BD}.Release|Any CPU.ActiveCfg = Release|Any CPU
		{9318940F-C832-44F8-B7FF-2046372B95BD}.Release|Any CPU.Build.0 = Release|Any CPU
		{AFDF6754-6F0C-4E62-B268-58EACA7ADF22}.Debug|Any CPU.ActiveCfg = Debug|Any CPU
		{AFDF6754-6F0C-4E62-B268-58EACA7ADF22}.Debug|Any CPU.Build.0 = Debug|Any CPU
		{AFDF6754-6F0C-4E62-B268-58EACA7ADF22}.Release|Any CPU.ActiveCfg = Release|Any CPU
		{AFDF6754-6F0C-4E62-B268-58EACA7ADF22}.Release|Any CPU.Build.0 = Release|Any CPU
		{E6CCCE1B-AF1E-4DA7-958F-528DD2976550}.Debug|Any CPU.ActiveCfg = Debug|Any CPU
		{E6CCCE1B-AF1E-4DA7-958F-528DD2976550}.Debug|Any CPU.Build.0 = Debug|Any CPU
		{E6CCCE1B-AF1E-4DA7-958F-528DD2976550}.Release|Any CPU.ActiveCfg = Release|Any CPU
		{E6CCCE1B-AF1E-4DA7-958F-528DD2976550}.Release|Any CPU.Build.0 = Release|Any CPU
		{17D510A5-E21F-427B-804A-533597046484}.Debug|Any CPU.ActiveCfg = Debug|Any CPU
		{17D510A5-E21F-427B-804A-533597046484}.Debug|Any CPU.Build.0 = Debug|Any CPU
		{17D510A5-E21F-427B-804A-533597046484}.Release|Any CPU.ActiveCfg = Release|Any CPU
		{17D510A5-E21F-427B-804A-533597046484}.Release|Any CPU.Build.0 = Release|Any CPU
		{F3B26F1A-A8C8-40C5-B99A-2D27E5F88DDE}.Debug|Any CPU.ActiveCfg = Debug|Any CPU
		{F3B26F1A-A8C8-40C5-B99A-2D27E5F88DDE}.Debug|Any CPU.Build.0 = Debug|Any CPU
		{F3B26F1A-A8C8-40C5-B99A-2D27E5F88DDE}.Release|Any CPU.ActiveCfg = Release|Any CPU
		{F3B26F1A-A8C8-40C5-B99A-2D27E5F88DDE}.Release|Any CPU.Build.0 = Release|Any CPU
		{3FE5AD6D-09DB-4CFE-8465-50E70F2D17E5}.Debug|Any CPU.ActiveCfg = Debug|Any CPU
		{3FE5AD6D-09DB-4CFE-8465-50E70F2D17E5}.Debug|Any CPU.Build.0 = Debug|Any CPU
		{3FE5AD6D-09DB-4CFE-8465-50E70F2D17E5}.Release|Any CPU.ActiveCfg = Release|Any CPU
		{3FE5AD6D-09DB-4CFE-8465-50E70F2D17E5}.Release|Any CPU.Build.0 = Release|Any CPU
		{5AC1F781-55C0-41D2-8856-C32494BFAE15}.Debug|Any CPU.ActiveCfg = Debug|Any CPU
		{5AC1F781-55C0-41D2-8856-C32494BFAE15}.Debug|Any CPU.Build.0 = Debug|Any CPU
		{5AC1F781-55C0-41D2-8856-C32494BFAE15}.Release|Any CPU.ActiveCfg = Release|Any CPU
		{5AC1F781-55C0-41D2-8856-C32494BFAE15}.Release|Any CPU.Build.0 = Release|Any CPU
		{4AFC432F-DEBC-4E14-811D-2C829191A800}.Debug|Any CPU.ActiveCfg = Debug|Any CPU
		{4AFC432F-DEBC-4E14-811D-2C829191A800}.Debug|Any CPU.Build.0 = Debug|Any CPU
		{4AFC432F-DEBC-4E14-811D-2C829191A800}.Release|Any CPU.ActiveCfg = Release|Any CPU
		{4AFC432F-DEBC-4E14-811D-2C829191A800}.Release|Any CPU.Build.0 = Release|Any CPU
		{8E63D7BE-AAEE-4A1F-84EC-9C8CF7E4C407}.Debug|Any CPU.ActiveCfg = Debug|Any CPU
		{8E63D7BE-AAEE-4A1F-84EC-9C8CF7E4C407}.Debug|Any CPU.Build.0 = Debug|Any CPU
		{8E63D7BE-AAEE-4A1F-84EC-9C8CF7E4C407}.Release|Any CPU.ActiveCfg = Release|Any CPU
		{8E63D7BE-AAEE-4A1F-84EC-9C8CF7E4C407}.Release|Any CPU.Build.0 = Release|Any CPU
		{4EEC4666-D1AA-4F18-B4B5-2667506C3AF9}.Debug|Any CPU.ActiveCfg = Debug|Any CPU
		{4EEC4666-D1AA-4F18-B4B5-2667506C3AF9}.Debug|Any CPU.Build.0 = Debug|Any CPU
		{4EEC4666-D1AA-4F18-B4B5-2667506C3AF9}.Release|Any CPU.ActiveCfg = Release|Any CPU
		{4EEC4666-D1AA-4F18-B4B5-2667506C3AF9}.Release|Any CPU.Build.0 = Release|Any CPU
		{EBE3BCE5-A94B-4D98-8EDD-1D3DC3839381}.Debug|Any CPU.ActiveCfg = Debug|Any CPU
		{EBE3BCE5-A94B-4D98-8EDD-1D3DC3839381}.Debug|Any CPU.Build.0 = Debug|Any CPU
		{EBE3BCE5-A94B-4D98-8EDD-1D3DC3839381}.Release|Any CPU.ActiveCfg = Release|Any CPU
		{EBE3BCE5-A94B-4D98-8EDD-1D3DC3839381}.Release|Any CPU.Build.0 = Release|Any CPU
		{4E241599-9BAE-467E-9100-53335D6BD9FE}.Debug|Any CPU.ActiveCfg = Debug|Any CPU
		{4E241599-9BAE-467E-9100-53335D6BD9FE}.Debug|Any CPU.Build.0 = Debug|Any CPU
		{4E241599-9BAE-467E-9100-53335D6BD9FE}.Release|Any CPU.ActiveCfg = Release|Any CPU
		{4E241599-9BAE-467E-9100-53335D6BD9FE}.Release|Any CPU.Build.0 = Release|Any CPU
		{FD157FF6-7D5B-4204-B39F-CD43863C8D52}.Debug|Any CPU.ActiveCfg = Debug|Any CPU
		{FD157FF6-7D5B-4204-B39F-CD43863C8D52}.Debug|Any CPU.Build.0 = Debug|Any CPU
		{FD157FF6-7D5B-4204-B39F-CD43863C8D52}.Release|Any CPU.ActiveCfg = Release|Any CPU
		{FD157FF6-7D5B-4204-B39F-CD43863C8D52}.Release|Any CPU.Build.0 = Release|Any CPU
		{5652C394-BAE8-4A4F-B6AA-AD1BA7963415}.Debug|Any CPU.ActiveCfg = Debug|Any CPU
		{5652C394-BAE8-4A4F-B6AA-AD1BA7963415}.Debug|Any CPU.Build.0 = Debug|Any CPU
		{5652C394-BAE8-4A4F-B6AA-AD1BA7963415}.Release|Any CPU.ActiveCfg = Release|Any CPU
		{5652C394-BAE8-4A4F-B6AA-AD1BA7963415}.Release|Any CPU.Build.0 = Release|Any CPU
		{A0E7E955-9405-48D6-BB20-56F1516604F6}.Debug|Any CPU.ActiveCfg = Debug|Any CPU
		{A0E7E955-9405-48D6-BB20-56F1516604F6}.Debug|Any CPU.Build.0 = Debug|Any CPU
		{A0E7E955-9405-48D6-BB20-56F1516604F6}.Release|Any CPU.ActiveCfg = Release|Any CPU
		{A0E7E955-9405-48D6-BB20-56F1516604F6}.Release|Any CPU.Build.0 = Release|Any CPU
		{609FA989-9436-4FCA-ACD9-EA5ACF947729}.Debug|Any CPU.ActiveCfg = Debug|Any CPU
		{609FA989-9436-4FCA-ACD9-EA5ACF947729}.Debug|Any CPU.Build.0 = Debug|Any CPU
		{609FA989-9436-4FCA-ACD9-EA5ACF947729}.Release|Any CPU.ActiveCfg = Release|Any CPU
		{609FA989-9436-4FCA-ACD9-EA5ACF947729}.Release|Any CPU.Build.0 = Release|Any CPU
		{4DD3EE89-A268-4E16-87E3-A122C86D57D8}.Debug|Any CPU.ActiveCfg = Debug|Any CPU
		{4DD3EE89-A268-4E16-87E3-A122C86D57D8}.Debug|Any CPU.Build.0 = Debug|Any CPU
		{4DD3EE89-A268-4E16-87E3-A122C86D57D8}.Release|Any CPU.ActiveCfg = Release|Any CPU
		{4DD3EE89-A268-4E16-87E3-A122C86D57D8}.Release|Any CPU.Build.0 = Release|Any CPU
		{DE1D1E9B-C823-42C1-8712-5F4DB2481AD9}.Debug|Any CPU.ActiveCfg = Debug|Any CPU
		{DE1D1E9B-C823-42C1-8712-5F4DB2481AD9}.Debug|Any CPU.Build.0 = Debug|Any CPU
		{DE1D1E9B-C823-42C1-8712-5F4DB2481AD9}.Release|Any CPU.ActiveCfg = Release|Any CPU
		{DE1D1E9B-C823-42C1-8712-5F4DB2481AD9}.Release|Any CPU.Build.0 = Release|Any CPU
		{6DC08F1A-3082-4C76-8846-D8F234DF4C63}.Debug|Any CPU.ActiveCfg = Debug|Any CPU
		{6DC08F1A-3082-4C76-8846-D8F234DF4C63}.Debug|Any CPU.Build.0 = Debug|Any CPU
		{6DC08F1A-3082-4C76-8846-D8F234DF4C63}.Release|Any CPU.ActiveCfg = Release|Any CPU
		{6DC08F1A-3082-4C76-8846-D8F234DF4C63}.Release|Any CPU.Build.0 = Release|Any CPU
		{318DC812-91E1-41E5-BF74-30E195814654}.Debug|Any CPU.ActiveCfg = Debug|Any CPU
		{318DC812-91E1-41E5-BF74-30E195814654}.Debug|Any CPU.Build.0 = Debug|Any CPU
		{318DC812-91E1-41E5-BF74-30E195814654}.Release|Any CPU.ActiveCfg = Release|Any CPU
		{318DC812-91E1-41E5-BF74-30E195814654}.Release|Any CPU.Build.0 = Release|Any CPU
	EndGlobalSection
	GlobalSection(SolutionProperties) = preSolution
		HideSolutionNode = FALSE
	EndGlobalSection
	GlobalSection(ExtensibilityGlobals) = postSolution
		SolutionGuid = {E14B05C1-E337-4841-8D3D-A1C491AF3111}
	EndGlobalSection
	GlobalSection(NestedProjects) = preSolution
		{6DC08F1A-3082-4C76-8846-D8F234DF4C63} = {CF0E515D-1D6E-4B9C-A73F-F6511E91C3DF}
		{DE1D1E9B-C823-42C1-8712-5F4DB2481AD9} = {CF0E515D-1D6E-4B9C-A73F-F6511E91C3DF}
		{4DD3EE89-A268-4E16-87E3-A122C86D57D8} = {CF0E515D-1D6E-4B9C-A73F-F6511E91C3DF}
		{E4E0CD4D-8EF7-4FF7-A849-4C075904DB61} = {E4E0CD4D-8EF7-4FF7-A849-4C075904DB61}
		{FE7C95E2-5373-4D0D-8813-14D9A52C262B} = {FE7C95E2-5373-4D0D-8813-14D9A52C262B}
		{609FA989-9436-4FCA-ACD9-EA5ACF947729} = {609FA989-9436-4FCA-ACD9-EA5ACF947729}
		{A0E7E955-9405-48D6-BB20-56F1516604F6} = {CF0E515D-1D6E-4B9C-A73F-F6511E91C3DF}
		{5652C394-BAE8-4A4F-B6AA-AD1BA7963415} = {B8D93579-3241-4866-B7E4-430D616DD8A3}
		{EBE3BCE5-A94B-4D98-8EDD-1D3DC3839381} = {B8D93579-3241-4866-B7E4-430D616DD8A3}
		{4E241599-9BAE-467E-9100-53335D6BD9FE} = {B8D93579-3241-4866-B7E4-430D616DD8A3}
		{FD157FF6-7D5B-4204-B39F-CD43863C8D52} = {B8D93579-3241-4866-B7E4-430D616DD8A3}
		{4AFC432F-DEBC-4E14-811D-2C829191A800} = {EB03BB6B-DA16-4987-B956-2BB6A2D00FFA}
		{4EEC4666-D1AA-4F18-B4B5-2667506C3AF9} = {EB03BB6B-DA16-4987-B956-2BB6A2D00FFA}
		{8E63D7BE-AAEE-4A1F-84EC-9C8CF7E4C407} = {EB03BB6B-DA16-4987-B956-2BB6A2D00FFA}
		{5AC1F781-55C0-41D2-8856-C32494BFAE15} = {B8D93579-3241-4866-B7E4-430D616DD8A3}
		{3FE5AD6D-09DB-4CFE-8465-50E70F2D17E5} = {EB03BB6B-DA16-4987-B956-2BB6A2D00FFA}
		{F3B26F1A-A8C8-40C5-B99A-2D27E5F88DDE} = {EB03BB6B-DA16-4987-B956-2BB6A2D00FFA}
		{17D510A5-E21F-427B-804A-533597046484} = {B8D93579-3241-4866-B7E4-430D616DD8A3}
		{E6CCCE1B-AF1E-4DA7-958F-528DD2976550} = {B8D93579-3241-4866-B7E4-430D616DD8A3}
		{AFDF6754-6F0C-4E62-B268-58EACA7ADF22} = {FE7C95E2-5373-4D0D-8813-14D9A52C262B}
		{9318940F-C832-44F8-B7FF-2046372B95BD} = {FE7C95E2-5373-4D0D-8813-14D9A52C262B}
		{552C3DB4-85DD-4CFC-9BFF-21BB00AE92CD} = {FE7C95E2-5373-4D0D-8813-14D9A52C262B}
		{4F501E0C-424E-4591-9B07-1C2E72736426} = {FE7C95E2-5373-4D0D-8813-14D9A52C262B}
		{3C1997E0-4D7C-4570-A012-6648F7E52380} = {E4E0CD4D-8EF7-4FF7-A849-4C075904DB61}
		{C1B35796-8685-405B-99B6-053BB133AB29} = {E4E0CD4D-8EF7-4FF7-A849-4C075904DB61}
		{C5B1E9F0-84D8-4752-936D-1C33931F6025} = {E4E0CD4D-8EF7-4FF7-A849-4C075904DB61}
		{920DB3F1-C9E7-40D3-B021-9ABD437E25C2} = {E4E0CD4D-8EF7-4FF7-A849-4C075904DB61}
		{E50096E0-A554-44F5-B9E7-14338D26919F} = {E4E0CD4D-8EF7-4FF7-A849-4C075904DB61}
		{10F0FE78-039E-41EC-B225-D1FA20AEF51C} = {E4E0CD4D-8EF7-4FF7-A849-4C075904DB61}
		{EC5A5CD4-A76A-45B5-82FB-CAABB4C4609A} = {E4E0CD4D-8EF7-4FF7-A849-4C075904DB61}
		{A79F9448-FF56-4864-B40E-D674068D0B7C} = {E4E0CD4D-8EF7-4FF7-A849-4C075904DB61}
		{606C70E1-20CA-4ED0-B24D-FF1A7CB89727} = {787BC5A1-2582-4367-8840-28C82C149666}
		{483E85C8-A70E-4C13-9F25-A90FAD48E4F8} = {787BC5A1-2582-4367-8840-28C82C149666}
		{84B87619-ED99-4D12-8714-DB9EA94398E6} = {787BC5A1-2582-4367-8840-28C82C149666}
		{DFBC3583-49A7-4065-B611-FE8CC27075AA} = {BA420975-F251-4824-B521-5CFAA315168D}
		{B3E23D1E-0FC5-4EC3-B457-AA986C7A3E26} = {BA420975-F251-4824-B521-5CFAA315168D}
		{30069020-03D0-4F0F-AB4A-DE943D850F8B} = {BA420975-F251-4824-B521-5CFAA315168D}
		{1B073F50-0AE7-4FD1-9A6F-685B1940F70E} = {BA420975-F251-4824-B521-5CFAA315168D}
		{5578B1B9-E285-4808-ACEC-E1DC0E2C66C6} = {D8A7AF47-FD48-4079-8EDB-A8A4F2226EC8}
		{7F3DC8B6-97BB-4755-8064-7088005752EA} = {D8A7AF47-FD48-4079-8EDB-A8A4F2226EC8}
		{07A1D879-FEC9-4214-AF63-252B1489FE61} = {D8A7AF47-FD48-4079-8EDB-A8A4F2226EC8}
		{14D59C92-79A1-4ED5-B7A9-EA161DDC0EF7} = {D8A7AF47-FD48-4079-8EDB-A8A4F2226EC8}
		{B831E0D4-29D6-40EC-96EC-B872330E6B3E} = {D8A7AF47-FD48-4079-8EDB-A8A4F2226EC8}
	EndGlobalSection
EndGlobal
